// !$*UTF8*$!
{
	archiveVersion = 1;
	classes = {
	};
	objectVersion = 51;
	objects = {

/* Begin PBXBuildFile section */
		64A89F0AB065F468A1B01D5A /* Pods_RRSwiftListingWithoutStoryboard.framework in Frameworks */ = {isa = PBXBuildFile; fileRef = B0351AAEC6F2FFAF158F43F0 /* Pods_RRSwiftListingWithoutStoryboard.framework */; };
		80447195EE0E59E4B209DA74 /* Pods_RRSwiftListingWithoutStoryboard_RRSwiftListingWithoutStoryboardUITests.framework in Frameworks */ = {isa = PBXBuildFile; fileRef = A570DF5BB294AAC9DCB8C739 /* Pods_RRSwiftListingWithoutStoryboard_RRSwiftListingWithoutStoryboardUITests.framework */; };
		B2A2196696AE6C8353D4C733 /* Pods_RRSwiftListingWithoutStoryboardTests.framework in Frameworks */ = {isa = PBXBuildFile; fileRef = A3F8F447E9AD52CC4CE1AF79 /* Pods_RRSwiftListingWithoutStoryboardTests.framework */; };
		EE2C005C24E507C30006BBB9 /* ListingTests.swift in Sources */ = {isa = PBXBuildFile; fileRef = EE2C005B24E507C30006BBB9 /* ListingTests.swift */; };
		EE2C005E24E518090006BBB9 /* ListingUITests.swift in Sources */ = {isa = PBXBuildFile; fileRef = EE2C005D24E518090006BBB9 /* ListingUITests.swift */; };
		EE2C006024E5181F0006BBB9 /* DetailsTests.swift in Sources */ = {isa = PBXBuildFile; fileRef = EE2C005F24E5181F0006BBB9 /* DetailsTests.swift */; };
		EE2C006124E522820006BBB9 /* RRStructs.swift in Sources */ = {isa = PBXBuildFile; fileRef = EE3E8CF124E2A1BB006330E4 /* RRStructs.swift */; };
		EE2C006224E5272B0006BBB9 /* AppDelegate.swift in Sources */ = {isa = PBXBuildFile; fileRef = EE3E8C9A24E29C4A006330E4 /* AppDelegate.swift */; };
		EE2C006324E527410006BBB9 /* ListingVC.swift in Sources */ = {isa = PBXBuildFile; fileRef = EE7FEC0824E4F1D100A7DBE0 /* ListingVC.swift */; };
		EE2C006424E5274F0006BBB9 /* ListingVM.swift in Sources */ = {isa = PBXBuildFile; fileRef = EE7FEC0E24E4F1EA00A7DBE0 /* ListingVM.swift */; };
		EE2C006524E5277D0006BBB9 /* RRUIAlertController+Extension.swift in Sources */ = {isa = PBXBuildFile; fileRef = EE3E8D0124E2B16D006330E4 /* RRUIAlertController+Extension.swift */; };
		EE2C006624E527850006BBB9 /* RRDataModel.swift in Sources */ = {isa = PBXBuildFile; fileRef = EE3E8CF924E2A85D006330E4 /* RRDataModel.swift */; };
		EE2C006724E527C40006BBB9 /* RRGeneral+Extensions.swift in Sources */ = {isa = PBXBuildFile; fileRef = EE3E8CEB24E2A098006330E4 /* RRGeneral+Extensions.swift */; };
		EE2C006824E527D00006BBB9 /* BaseVC.swift in Sources */ = {isa = PBXBuildFile; fileRef = EE7FEC0724E4F1D100A7DBE0 /* BaseVC.swift */; };
		EE2C006924E527F70006BBB9 /* RRSortEnum.swift in Sources */ = {isa = PBXBuildFile; fileRef = EE70D43624E3F08900E898E8 /* RRSortEnum.swift */; };
		EE2C006A24E528400006BBB9 /* ListingCell.swift in Sources */ = {isa = PBXBuildFile; fileRef = EE3E8CFF24E2AF41006330E4 /* ListingCell.swift */; };
		EE2C006B24E528490006BBB9 /* DetailsVC.swift in Sources */ = {isa = PBXBuildFile; fileRef = EE7FEC0924E4F1D100A7DBE0 /* DetailsVC.swift */; };
		EE2C006C24E528540006BBB9 /* RRAPIManager.swift in Sources */ = {isa = PBXBuildFile; fileRef = EE3E8CF324E2A299006330E4 /* RRAPIManager.swift */; };
		EE2C006D24E5285C0006BBB9 /* RRHTTPStatusCodeEnum.swift in Sources */ = {isa = PBXBuildFile; fileRef = EE3E8CF524E2A312006330E4 /* RRHTTPStatusCodeEnum.swift */; };
		EE2C006E24E528600006BBB9 /* RRLoader.swift in Sources */ = {isa = PBXBuildFile; fileRef = EE3E8CEF24E2A169006330E4 /* RRLoader.swift */; };
		EE2C006F24E528670006BBB9 /* RRErrorEnum.swift in Sources */ = {isa = PBXBuildFile; fileRef = EE3E8CF724E2A6E9006330E4 /* RRErrorEnum.swift */; };
		EE2C007024E5286B0006BBB9 /* RRCustomViews.swift in Sources */ = {isa = PBXBuildFile; fileRef = EE70D43424E3E6C200E898E8 /* RRCustomViews.swift */; };
		EE2C007124E5286F0006BBB9 /* RRUIImageView+Extension.swift in Sources */ = {isa = PBXBuildFile; fileRef = EE3E8CE924E29F64006330E4 /* RRUIImageView+Extension.swift */; };
		EE2C007224E528740006BBB9 /* RRx+Extension.swift in Sources */ = {isa = PBXBuildFile; fileRef = EE3E8D0324E2B1C8006330E4 /* RRx+Extension.swift */; };
		EE3E8C9B24E29C4A006330E4 /* AppDelegate.swift in Sources */ = {isa = PBXBuildFile; fileRef = EE3E8C9A24E29C4A006330E4 /* AppDelegate.swift */; };
		EE3E8CA424E29C4C006330E4 /* Assets.xcassets in Resources */ = {isa = PBXBuildFile; fileRef = EE3E8CA324E29C4C006330E4 /* Assets.xcassets */; };
		EE3E8CA724E29C4C006330E4 /* LaunchScreen.storyboard in Resources */ = {isa = PBXBuildFile; fileRef = EE3E8CA524E29C4C006330E4 /* LaunchScreen.storyboard */; };
		EE3E8CB224E29C4D006330E4 /* RRSwiftListingWithoutStoryboardTests.swift in Sources */ = {isa = PBXBuildFile; fileRef = EE3E8CB124E29C4D006330E4 /* RRSwiftListingWithoutStoryboardTests.swift */; };
		EE3E8CBD24E29C4D006330E4 /* RRSwiftListingWithoutStoryboardUITests.swift in Sources */ = {isa = PBXBuildFile; fileRef = EE3E8CBC24E29C4D006330E4 /* RRSwiftListingWithoutStoryboardUITests.swift */; };
		EE3E8CEA24E29F64006330E4 /* RRUIImageView+Extension.swift in Sources */ = {isa = PBXBuildFile; fileRef = EE3E8CE924E29F64006330E4 /* RRUIImageView+Extension.swift */; };
		EE3E8CEC24E2A098006330E4 /* RRGeneral+Extensions.swift in Sources */ = {isa = PBXBuildFile; fileRef = EE3E8CEB24E2A098006330E4 /* RRGeneral+Extensions.swift */; };
		EE3E8CF024E2A169006330E4 /* RRLoader.swift in Sources */ = {isa = PBXBuildFile; fileRef = EE3E8CEF24E2A169006330E4 /* RRLoader.swift */; };
		EE3E8CF224E2A1BB006330E4 /* RRStructs.swift in Sources */ = {isa = PBXBuildFile; fileRef = EE3E8CF124E2A1BB006330E4 /* RRStructs.swift */; };
		EE3E8CF424E2A299006330E4 /* RRAPIManager.swift in Sources */ = {isa = PBXBuildFile; fileRef = EE3E8CF324E2A299006330E4 /* RRAPIManager.swift */; };
		EE3E8CF624E2A312006330E4 /* RRHTTPStatusCodeEnum.swift in Sources */ = {isa = PBXBuildFile; fileRef = EE3E8CF524E2A312006330E4 /* RRHTTPStatusCodeEnum.swift */; };
		EE3E8CF824E2A6E9006330E4 /* RRErrorEnum.swift in Sources */ = {isa = PBXBuildFile; fileRef = EE3E8CF724E2A6E9006330E4 /* RRErrorEnum.swift */; };
		EE3E8CFA24E2A85D006330E4 /* RRDataModel.swift in Sources */ = {isa = PBXBuildFile; fileRef = EE3E8CF924E2A85D006330E4 /* RRDataModel.swift */; };
		EE3E8D0024E2AF41006330E4 /* ListingCell.swift in Sources */ = {isa = PBXBuildFile; fileRef = EE3E8CFF24E2AF41006330E4 /* ListingCell.swift */; };
		EE3E8D0224E2B16D006330E4 /* RRUIAlertController+Extension.swift in Sources */ = {isa = PBXBuildFile; fileRef = EE3E8D0124E2B16D006330E4 /* RRUIAlertController+Extension.swift */; };
		EE3E8D0424E2B1C8006330E4 /* RRx+Extension.swift in Sources */ = {isa = PBXBuildFile; fileRef = EE3E8D0324E2B1C8006330E4 /* RRx+Extension.swift */; };
		EE70D43524E3E6C200E898E8 /* RRCustomViews.swift in Sources */ = {isa = PBXBuildFile; fileRef = EE70D43424E3E6C200E898E8 /* RRCustomViews.swift */; };
		EE70D43724E3F08900E898E8 /* RRSortEnum.swift in Sources */ = {isa = PBXBuildFile; fileRef = EE70D43624E3F08900E898E8 /* RRSortEnum.swift */; };
		EE7FEC0B24E4F1D100A7DBE0 /* BaseVC.swift in Sources */ = {isa = PBXBuildFile; fileRef = EE7FEC0724E4F1D100A7DBE0 /* BaseVC.swift */; };
		EE7FEC0C24E4F1D100A7DBE0 /* ListingVC.swift in Sources */ = {isa = PBXBuildFile; fileRef = EE7FEC0824E4F1D100A7DBE0 /* ListingVC.swift */; };
		EE7FEC0D24E4F1D100A7DBE0 /* DetailsVC.swift in Sources */ = {isa = PBXBuildFile; fileRef = EE7FEC0924E4F1D100A7DBE0 /* DetailsVC.swift */; };
		EE7FEC0F24E4F1EA00A7DBE0 /* ListingVM.swift in Sources */ = {isa = PBXBuildFile; fileRef = EE7FEC0E24E4F1EA00A7DBE0 /* ListingVM.swift */; };
		EED2F41A24E548A80061DAB6 /* RRUIColor+Extension.swift in Sources */ = {isa = PBXBuildFile; fileRef = EED2F41924E548A80061DAB6 /* RRUIColor+Extension.swift */; };
		EEF70805253078C00073F628 /* LocalHud.swift in Sources */ = {isa = PBXBuildFile; fileRef = EEF707AF253078BE0073F628 /* LocalHud.swift */; };
		EEF70806253078C00073F628 /* AbstractView.swift in Sources */ = {isa = PBXBuildFile; fileRef = EEF707B0253078BE0073F628 /* AbstractView.swift */; };
		EEF70807253078C00073F628 /* StackLayout.swift in Sources */ = {isa = PBXBuildFile; fileRef = EEF707B2253078BE0073F628 /* StackLayout.swift */; };
		EEF70808253078C00073F628 /* AbsoluteLayout.swift in Sources */ = {isa = PBXBuildFile; fileRef = EEF707B3253078BE0073F628 /* AbsoluteLayout.swift */; };
		EEF70809253078C00073F628 /* ScrollLayout.swift in Sources */ = {isa = PBXBuildFile; fileRef = EEF707B4253078BE0073F628 /* ScrollLayout.swift */; };
		EEF7080A253078C00073F628 /* BaseViewModel.swift in Sources */ = {isa = PBXBuildFile; fileRef = EEF707B7253078BF0073F628 /* BaseViewModel.swift */; };
		EEF7080B253078C00073F628 /* ViewModels.swift in Sources */ = {isa = PBXBuildFile; fileRef = EEF707B8253078BF0073F628 /* ViewModels.swift */; };
		EEF7080C253078C00073F628 /* Model.swift in Sources */ = {isa = PBXBuildFile; fileRef = EEF707BA253078BF0073F628 /* Model.swift */; };
		EEF7080D253078C00073F628 /* BaseListPage.swift in Sources */ = {isa = PBXBuildFile; fileRef = EEF707BC253078BF0073F628 /* BaseListPage.swift */; };
		EEF7080E253078C00073F628 /* BasePage.swift in Sources */ = {isa = PBXBuildFile; fileRef = EEF707BD253078BF0073F628 /* BasePage.swift */; };
		EEF7080F253078C00073F628 /* BaseWebView.swift in Sources */ = {isa = PBXBuildFile; fileRef = EEF707BE253078BF0073F628 /* BaseWebView.swift */; };
		EEF70810253078C00073F628 /* BaseTabBarPage.swift in Sources */ = {isa = PBXBuildFile; fileRef = EEF707BF253078BF0073F628 /* BaseTabBarPage.swift */; };
		EEF70811253078C00073F628 /* BaseCollectionPage.swift in Sources */ = {isa = PBXBuildFile; fileRef = EEF707C0253078BF0073F628 /* BaseCollectionPage.swift */; };
		EEF70812253078C00073F628 /* BaseUIPage.swift in Sources */ = {isa = PBXBuildFile; fileRef = EEF707C1253078BF0073F628 /* BaseUIPage.swift */; };
		EEF70813253078C00073F628 /* CollectionView.swift in Sources */ = {isa = PBXBuildFile; fileRef = EEF707C3253078BF0073F628 /* CollectionView.swift */; };
		EEF70814253078C00073F628 /* SegmentedView.swift in Sources */ = {isa = PBXBuildFile; fileRef = EEF707C4253078BF0073F628 /* SegmentedView.swift */; };
		EEF70815253078C00073F628 /* ListView.swift in Sources */ = {isa = PBXBuildFile; fileRef = EEF707C5253078BF0073F628 /* ListView.swift */; };
		EEF70816253078C00073F628 /* Views.swift in Sources */ = {isa = PBXBuildFile; fileRef = EEF707C6253078BF0073F628 /* Views.swift */; };
		EEF70817253078C00073F628 /* BaseView.swift in Sources */ = {isa = PBXBuildFile; fileRef = EEF707C7253078BF0073F628 /* BaseView.swift */; };
		EEF70818253078C00073F628 /* NavigationPage.swift in Sources */ = {isa = PBXBuildFile; fileRef = EEF707C9253078BF0073F628 /* NavigationPage.swift */; };
		EEF70819253078C00073F628 /* ListPage.swift in Sources */ = {isa = PBXBuildFile; fileRef = EEF707CA253078BF0073F628 /* ListPage.swift */; };
		EEF7081A253078C00073F628 /* DrawerPage.swift in Sources */ = {isa = PBXBuildFile; fileRef = EEF707CB253078BF0073F628 /* DrawerPage.swift */; };
		EEF7081B253078C00073F628 /* CollectionPage.swift in Sources */ = {isa = PBXBuildFile; fileRef = EEF707CC253078BF0073F628 /* CollectionPage.swift */; };
		EEF7081C253078C00073F628 /* PresenterPage.swift in Sources */ = {isa = PBXBuildFile; fileRef = EEF707CD253078BF0073F628 /* PresenterPage.swift */; };
		EEF7081D253078C00073F628 /* Page.swift in Sources */ = {isa = PBXBuildFile; fileRef = EEF707CE253078BF0073F628 /* Page.swift */; };
		EEF7081E253078C00073F628 /* DependencyManager.swift in Sources */ = {isa = PBXBuildFile; fileRef = EEF707D0253078BF0073F628 /* DependencyManager.swift */; };
		EEF7081F253078C00073F628 /* Animator.swift in Sources */ = {isa = PBXBuildFile; fileRef = EEF707D2253078BF0073F628 /* Animator.swift */; };
		EEF70820253078C00073F628 /* AnimatorDelegate.swift in Sources */ = {isa = PBXBuildFile; fileRef = EEF707D3253078BF0073F628 /* AnimatorDelegate.swift */; };
		EEF70821253078C00073F628 /* AnimatorTypes.swift in Sources */ = {isa = PBXBuildFile; fileRef = EEF707D4253078BF0073F628 /* AnimatorTypes.swift */; };
		EEF70822253078C00073F628 /* UIScrollViewExtensions.swift in Sources */ = {isa = PBXBuildFile; fileRef = EEF707D7253078BF0073F628 /* UIScrollViewExtensions.swift */; };
		EEF70823253078C00073F628 /* Observable+Response.swift in Sources */ = {isa = PBXBuildFile; fileRef = EEF707D8253078BF0073F628 /* Observable+Response.swift */; };
		EEF70824253078C00073F628 /* MoyaProvider+Rx.swift in Sources */ = {isa = PBXBuildFile; fileRef = EEF707D9253078BF0073F628 /* MoyaProvider+Rx.swift */; };
		EEF70825253078C00073F628 /* UIBarButtonItemExtensions.swift in Sources */ = {isa = PBXBuildFile; fileRef = EEF707DA253078BF0073F628 /* UIBarButtonItemExtensions.swift */; };
		EEF70826253078C10073F628 /* UITableViewCellExtensions.swift in Sources */ = {isa = PBXBuildFile; fileRef = EEF707DB253078BF0073F628 /* UITableViewCellExtensions.swift */; };
		EEF70827253078C10073F628 /* ObservableType+ObjectMapper.swift in Sources */ = {isa = PBXBuildFile; fileRef = EEF707DC253078BF0073F628 /* ObservableType+ObjectMapper.swift */; };
		EEF70828253078C10073F628 /* WKWebViewExtensions.swift in Sources */ = {isa = PBXBuildFile; fileRef = EEF707DD253078BF0073F628 /* WKWebViewExtensions.swift */; };
		EEF70829253078C10073F628 /* Single+Response.swift in Sources */ = {isa = PBXBuildFile; fileRef = EEF707DE253078BF0073F628 /* Single+Response.swift */; };
		EEF7082A253078C10073F628 /* BindingOperators.swift in Sources */ = {isa = PBXBuildFile; fileRef = EEF707DF253078BF0073F628 /* BindingOperators.swift */; };
		EEF7082B253078C10073F628 /* UIViewExtensions.swift in Sources */ = {isa = PBXBuildFile; fileRef = EEF707E0253078BF0073F628 /* UIViewExtensions.swift */; };
		EEF7082C253078C10073F628 /* UIControlExtensions.swift in Sources */ = {isa = PBXBuildFile; fileRef = EEF707E1253078BF0073F628 /* UIControlExtensions.swift */; };
		EEF7082D253078C10073F628 /* UIGestureRecognizerExtensions.swift in Sources */ = {isa = PBXBuildFile; fileRef = EEF707E2253078BF0073F628 /* UIGestureRecognizerExtensions.swift */; };
		EEF7082E253078C10073F628 /* Single+ObjectMapper.swift in Sources */ = {isa = PBXBuildFile; fileRef = EEF707E3253078BF0073F628 /* Single+ObjectMapper.swift */; };
		EEF7082F253078C10073F628 /* Response+ObjectMapper.swift in Sources */ = {isa = PBXBuildFile; fileRef = EEF707E4253078BF0073F628 /* Response+ObjectMapper.swift */; };
		EEF70830253078C10073F628 /* UILabelExtensions.swift in Sources */ = {isa = PBXBuildFile; fileRef = EEF707E5253078BF0073F628 /* UILabelExtensions.swift */; };
		EEF70831253078C10073F628 /* UISwitchExtensions.swift in Sources */ = {isa = PBXBuildFile; fileRef = EEF707E6253078BF0073F628 /* UISwitchExtensions.swift */; };
		EEF70832253078C10073F628 /* UIImageViewExtensions.swift in Sources */ = {isa = PBXBuildFile; fileRef = EEF707E7253078BF0073F628 /* UIImageViewExtensions.swift */; };
		EEF70833253078C10073F628 /* UITabBarItemExtensions.swift in Sources */ = {isa = PBXBuildFile; fileRef = EEF707E8253078BF0073F628 /* UITabBarItemExtensions.swift */; };
		EEF70834253078C10073F628 /* NSErrorExtensions.swift in Sources */ = {isa = PBXBuildFile; fileRef = EEF707EA253078BF0073F628 /* NSErrorExtensions.swift */; };
		EEF70835253078C10073F628 /* ArrayExtensions.swift in Sources */ = {isa = PBXBuildFile; fileRef = EEF707EB253078BF0073F628 /* ArrayExtensions.swift */; };
		EEF70836253078C10073F628 /* UIEdgeInsetsExtensions.swift in Sources */ = {isa = PBXBuildFile; fileRef = EEF707EC253078BF0073F628 /* UIEdgeInsetsExtensions.swift */; };
		EEF70837253078C10073F628 /* UINavigationItemExtensions.swift in Sources */ = {isa = PBXBuildFile; fileRef = EEF707ED253078BF0073F628 /* UINavigationItemExtensions.swift */; };
		EEF70838253078C10073F628 /* StringExtensions.swift in Sources */ = {isa = PBXBuildFile; fileRef = EEF707EE253078BF0073F628 /* StringExtensions.swift */; };
		EEF70839253078C10073F628 /* UIViewExntesions.swift in Sources */ = {isa = PBXBuildFile; fileRef = EEF707EF253078C00073F628 /* UIViewExntesions.swift */; };
		EEF7083A253078C10073F628 /* UIViewControllerExtensions.swift in Sources */ = {isa = PBXBuildFile; fileRef = EEF707F0253078C00073F628 /* UIViewControllerExtensions.swift */; };
		EEF7083B253078C10073F628 /* UIImageExtensions.swift in Sources */ = {isa = PBXBuildFile; fileRef = EEF707F1253078C00073F628 /* UIImageExtensions.swift */; };
		EEF7083C253078C10073F628 /* UICollectionViewExtension.swift in Sources */ = {isa = PBXBuildFile; fileRef = EEF707F2253078C00073F628 /* UICollectionViewExtension.swift */; };
		EEF7083D253078C10073F628 /* OptionalExtensions.swift in Sources */ = {isa = PBXBuildFile; fileRef = EEF707F3253078C00073F628 /* OptionalExtensions.swift */; };
		EEF7083E253078C10073F628 /* NSObjectExtensions.swift in Sources */ = {isa = PBXBuildFile; fileRef = EEF707F4253078C00073F628 /* NSObjectExtensions.swift */; };
		EEF7083F253078C10073F628 /* UIColorExtensions.swift in Sources */ = {isa = PBXBuildFile; fileRef = EEF707F5253078C00073F628 /* UIColorExtensions.swift */; };
		EEF70840253078C10073F628 /* Global.swift in Sources */ = {isa = PBXBuildFile; fileRef = EEF707F7253078C00073F628 /* Global.swift */; };
		EEF70841253078C10073F628 /* Protocols.swift in Sources */ = {isa = PBXBuildFile; fileRef = EEF707F8253078C00073F628 /* Protocols.swift */; };
		EEF70842253078C10073F628 /* SectionList.swift in Sources */ = {isa = PBXBuildFile; fileRef = EEF707F9253078C00073F628 /* SectionList.swift */; };
		EEF70843253078C10073F628 /* Scheduler.swift in Sources */ = {isa = PBXBuildFile; fileRef = EEF707FA253078C00073F628 /* Scheduler.swift */; };
		EEF70844253078C10073F628 /* Font.swift in Sources */ = {isa = PBXBuildFile; fileRef = EEF707FB253078C00073F628 /* Font.swift */; };
		EEF70845253078C10073F628 /* ReachabilityService.swift in Sources */ = {isa = PBXBuildFile; fileRef = EEF707FD253078C00073F628 /* ReachabilityService.swift */; };
		EEF70846253078C10073F628 /* StorageService.swift in Sources */ = {isa = PBXBuildFile; fileRef = EEF707FE253078C00073F628 /* StorageService.swift */; };
		EEF70847253078C10073F628 /* AlertService.swift in Sources */ = {isa = PBXBuildFile; fileRef = EEF707FF253078C00073F628 /* AlertService.swift */; };
		EEF70848253078C10073F628 /* LocaleService.swift in Sources */ = {isa = PBXBuildFile; fileRef = EEF70800253078C00073F628 /* LocaleService.swift */; };
		EEF70849253078C10073F628 /* NetworkService.swift in Sources */ = {isa = PBXBuildFile; fileRef = EEF70801253078C00073F628 /* NetworkService.swift */; };
		EEF7084A253078C10073F628 /* ShareService.swift in Sources */ = {isa = PBXBuildFile; fileRef = EEF70802253078C00073F628 /* ShareService.swift */; };
		EEF7084B253078C10073F628 /* MailService.swift in Sources */ = {isa = PBXBuildFile; fileRef = EEF70803253078C00073F628 /* MailService.swift */; };
		EEF7084C253078C10073F628 /* NavigationService.swift in Sources */ = {isa = PBXBuildFile; fileRef = EEF70804253078C00073F628 /* NavigationService.swift */; };
/* End PBXBuildFile section */

/* Begin PBXContainerItemProxy section */
		EE3E8CAE24E29C4D006330E4 /* PBXContainerItemProxy */ = {
			isa = PBXContainerItemProxy;
			containerPortal = EE3E8C8F24E29C4A006330E4 /* Project object */;
			proxyType = 1;
			remoteGlobalIDString = EE3E8C9624E29C4A006330E4;
			remoteInfo = RRSwiftListingWithoutStoryboard;
		};
		EE3E8CB924E29C4D006330E4 /* PBXContainerItemProxy */ = {
			isa = PBXContainerItemProxy;
			containerPortal = EE3E8C8F24E29C4A006330E4 /* Project object */;
			proxyType = 1;
			remoteGlobalIDString = EE3E8C9624E29C4A006330E4;
			remoteInfo = RRSwiftListingWithoutStoryboard;
		};
/* End PBXContainerItemProxy section */

/* Begin PBXFileReference section */
		37E7C25CF2BF94B4BDB4F47F /* Pods-RRSwiftListingWithoutStoryboard.debug.xcconfig */ = {isa = PBXFileReference; includeInIndex = 1; lastKnownFileType = text.xcconfig; name = "Pods-RRSwiftListingWithoutStoryboard.debug.xcconfig"; path = "Target Support Files/Pods-RRSwiftListingWithoutStoryboard/Pods-RRSwiftListingWithoutStoryboard.debug.xcconfig"; sourceTree = "<group>"; };
		71B99F5397DD050A50F58ECB /* Pods-RRSwiftListingWithoutStoryboard.release.xcconfig */ = {isa = PBXFileReference; includeInIndex = 1; lastKnownFileType = text.xcconfig; name = "Pods-RRSwiftListingWithoutStoryboard.release.xcconfig"; path = "Target Support Files/Pods-RRSwiftListingWithoutStoryboard/Pods-RRSwiftListingWithoutStoryboard.release.xcconfig"; sourceTree = "<group>"; };
		84840C30821BC39BE81B4990 /* Pods-RRSwiftListingWithoutStoryboard-RRSwiftListingWithoutStoryboardUITests.release.xcconfig */ = {isa = PBXFileReference; includeInIndex = 1; lastKnownFileType = text.xcconfig; name = "Pods-RRSwiftListingWithoutStoryboard-RRSwiftListingWithoutStoryboardUITests.release.xcconfig"; path = "Target Support Files/Pods-RRSwiftListingWithoutStoryboard-RRSwiftListingWithoutStoryboardUITests/Pods-RRSwiftListingWithoutStoryboard-RRSwiftListingWithoutStoryboardUITests.release.xcconfig"; sourceTree = "<group>"; };
		A19E2CE320E6A8886373AA32 /* Pods-RRSwiftListingWithoutStoryboardTests.debug.xcconfig */ = {isa = PBXFileReference; includeInIndex = 1; lastKnownFileType = text.xcconfig; name = "Pods-RRSwiftListingWithoutStoryboardTests.debug.xcconfig"; path = "Target Support Files/Pods-RRSwiftListingWithoutStoryboardTests/Pods-RRSwiftListingWithoutStoryboardTests.debug.xcconfig"; sourceTree = "<group>"; };
		A3F8F447E9AD52CC4CE1AF79 /* Pods_RRSwiftListingWithoutStoryboardTests.framework */ = {isa = PBXFileReference; explicitFileType = wrapper.framework; includeInIndex = 0; path = Pods_RRSwiftListingWithoutStoryboardTests.framework; sourceTree = BUILT_PRODUCTS_DIR; };
		A570DF5BB294AAC9DCB8C739 /* Pods_RRSwiftListingWithoutStoryboard_RRSwiftListingWithoutStoryboardUITests.framework */ = {isa = PBXFileReference; explicitFileType = wrapper.framework; includeInIndex = 0; path = Pods_RRSwiftListingWithoutStoryboard_RRSwiftListingWithoutStoryboardUITests.framework; sourceTree = BUILT_PRODUCTS_DIR; };
		B0351AAEC6F2FFAF158F43F0 /* Pods_RRSwiftListingWithoutStoryboard.framework */ = {isa = PBXFileReference; explicitFileType = wrapper.framework; includeInIndex = 0; path = Pods_RRSwiftListingWithoutStoryboard.framework; sourceTree = BUILT_PRODUCTS_DIR; };
		B378071D081D95FBA719C191 /* Pods-RRSwiftListingWithoutStoryboardTests.release.xcconfig */ = {isa = PBXFileReference; includeInIndex = 1; lastKnownFileType = text.xcconfig; name = "Pods-RRSwiftListingWithoutStoryboardTests.release.xcconfig"; path = "Target Support Files/Pods-RRSwiftListingWithoutStoryboardTests/Pods-RRSwiftListingWithoutStoryboardTests.release.xcconfig"; sourceTree = "<group>"; };
		EE2C005B24E507C30006BBB9 /* ListingTests.swift */ = {isa = PBXFileReference; lastKnownFileType = sourcecode.swift; path = ListingTests.swift; sourceTree = "<group>"; };
		EE2C005D24E518090006BBB9 /* ListingUITests.swift */ = {isa = PBXFileReference; lastKnownFileType = sourcecode.swift; path = ListingUITests.swift; sourceTree = "<group>"; };
		EE2C005F24E5181F0006BBB9 /* DetailsTests.swift */ = {isa = PBXFileReference; lastKnownFileType = sourcecode.swift; path = DetailsTests.swift; sourceTree = "<group>"; };
		EE3E8C9724E29C4A006330E4 /* RRSwiftListingWithoutStoryboard.app */ = {isa = PBXFileReference; explicitFileType = wrapper.application; includeInIndex = 0; path = RRSwiftListingWithoutStoryboard.app; sourceTree = BUILT_PRODUCTS_DIR; };
		EE3E8C9A24E29C4A006330E4 /* AppDelegate.swift */ = {isa = PBXFileReference; lastKnownFileType = sourcecode.swift; path = AppDelegate.swift; sourceTree = "<group>"; };
		EE3E8CA324E29C4C006330E4 /* Assets.xcassets */ = {isa = PBXFileReference; lastKnownFileType = folder.assetcatalog; path = Assets.xcassets; sourceTree = "<group>"; };
		EE3E8CA624E29C4C006330E4 /* Base */ = {isa = PBXFileReference; lastKnownFileType = file.storyboard; name = Base; path = Base.lproj/LaunchScreen.storyboard; sourceTree = "<group>"; };
		EE3E8CA824E29C4C006330E4 /* Info.plist */ = {isa = PBXFileReference; lastKnownFileType = text.plist.xml; path = Info.plist; sourceTree = "<group>"; };
		EE3E8CAD24E29C4D006330E4 /* RRSwiftListingWithoutStoryboardTests.xctest */ = {isa = PBXFileReference; explicitFileType = wrapper.cfbundle; includeInIndex = 0; path = RRSwiftListingWithoutStoryboardTests.xctest; sourceTree = BUILT_PRODUCTS_DIR; };
		EE3E8CB124E29C4D006330E4 /* RRSwiftListingWithoutStoryboardTests.swift */ = {isa = PBXFileReference; lastKnownFileType = sourcecode.swift; path = RRSwiftListingWithoutStoryboardTests.swift; sourceTree = "<group>"; };
		EE3E8CB324E29C4D006330E4 /* Info.plist */ = {isa = PBXFileReference; lastKnownFileType = text.plist.xml; path = Info.plist; sourceTree = "<group>"; };
		EE3E8CB824E29C4D006330E4 /* RRSwiftListingWithoutStoryboardUITests.xctest */ = {isa = PBXFileReference; explicitFileType = wrapper.cfbundle; includeInIndex = 0; path = RRSwiftListingWithoutStoryboardUITests.xctest; sourceTree = BUILT_PRODUCTS_DIR; };
		EE3E8CBC24E29C4D006330E4 /* RRSwiftListingWithoutStoryboardUITests.swift */ = {isa = PBXFileReference; lastKnownFileType = sourcecode.swift; path = RRSwiftListingWithoutStoryboardUITests.swift; sourceTree = "<group>"; };
		EE3E8CBE24E29C4D006330E4 /* Info.plist */ = {isa = PBXFileReference; lastKnownFileType = text.plist.xml; path = Info.plist; sourceTree = "<group>"; };
		EE3E8CCA24E29C6F006330E4 /* RRSwiftListingWithoutStoryboard.entitlements */ = {isa = PBXFileReference; lastKnownFileType = text.plist.entitlements; path = RRSwiftListingWithoutStoryboard.entitlements; sourceTree = "<group>"; };
		EE3E8CE924E29F64006330E4 /* RRUIImageView+Extension.swift */ = {isa = PBXFileReference; lastKnownFileType = sourcecode.swift; path = "RRUIImageView+Extension.swift"; sourceTree = "<group>"; };
		EE3E8CEB24E2A098006330E4 /* RRGeneral+Extensions.swift */ = {isa = PBXFileReference; lastKnownFileType = sourcecode.swift; path = "RRGeneral+Extensions.swift"; sourceTree = "<group>"; };
		EE3E8CEF24E2A169006330E4 /* RRLoader.swift */ = {isa = PBXFileReference; lastKnownFileType = sourcecode.swift; path = RRLoader.swift; sourceTree = "<group>"; };
		EE3E8CF124E2A1BB006330E4 /* RRStructs.swift */ = {isa = PBXFileReference; lastKnownFileType = sourcecode.swift; path = RRStructs.swift; sourceTree = "<group>"; };
		EE3E8CF324E2A299006330E4 /* RRAPIManager.swift */ = {isa = PBXFileReference; lastKnownFileType = sourcecode.swift; path = RRAPIManager.swift; sourceTree = "<group>"; };
		EE3E8CF524E2A312006330E4 /* RRHTTPStatusCodeEnum.swift */ = {isa = PBXFileReference; lastKnownFileType = sourcecode.swift; path = RRHTTPStatusCodeEnum.swift; sourceTree = "<group>"; };
		EE3E8CF724E2A6E9006330E4 /* RRErrorEnum.swift */ = {isa = PBXFileReference; lastKnownFileType = sourcecode.swift; path = RRErrorEnum.swift; sourceTree = "<group>"; };
		EE3E8CF924E2A85D006330E4 /* RRDataModel.swift */ = {isa = PBXFileReference; lastKnownFileType = sourcecode.swift; path = RRDataModel.swift; sourceTree = "<group>"; };
		EE3E8CFF24E2AF41006330E4 /* ListingCell.swift */ = {isa = PBXFileReference; lastKnownFileType = sourcecode.swift; path = ListingCell.swift; sourceTree = "<group>"; };
		EE3E8D0124E2B16D006330E4 /* RRUIAlertController+Extension.swift */ = {isa = PBXFileReference; lastKnownFileType = sourcecode.swift; path = "RRUIAlertController+Extension.swift"; sourceTree = "<group>"; };
		EE3E8D0324E2B1C8006330E4 /* RRx+Extension.swift */ = {isa = PBXFileReference; lastKnownFileType = sourcecode.swift; path = "RRx+Extension.swift"; sourceTree = "<group>"; };
		EE70D43424E3E6C200E898E8 /* RRCustomViews.swift */ = {isa = PBXFileReference; lastKnownFileType = sourcecode.swift; path = RRCustomViews.swift; sourceTree = "<group>"; };
		EE70D43624E3F08900E898E8 /* RRSortEnum.swift */ = {isa = PBXFileReference; lastKnownFileType = sourcecode.swift; path = RRSortEnum.swift; sourceTree = "<group>"; };
		EE7FEC0724E4F1D100A7DBE0 /* BaseVC.swift */ = {isa = PBXFileReference; fileEncoding = 4; lastKnownFileType = sourcecode.swift; path = BaseVC.swift; sourceTree = "<group>"; };
		EE7FEC0824E4F1D100A7DBE0 /* ListingVC.swift */ = {isa = PBXFileReference; fileEncoding = 4; lastKnownFileType = sourcecode.swift; path = ListingVC.swift; sourceTree = "<group>"; };
		EE7FEC0924E4F1D100A7DBE0 /* DetailsVC.swift */ = {isa = PBXFileReference; fileEncoding = 4; lastKnownFileType = sourcecode.swift; path = DetailsVC.swift; sourceTree = "<group>"; };
		EE7FEC0E24E4F1EA00A7DBE0 /* ListingVM.swift */ = {isa = PBXFileReference; lastKnownFileType = sourcecode.swift; path = ListingVM.swift; sourceTree = "<group>"; };
		EED2F41924E548A80061DAB6 /* RRUIColor+Extension.swift */ = {isa = PBXFileReference; lastKnownFileType = sourcecode.swift; path = "RRUIColor+Extension.swift"; sourceTree = "<group>"; };
		EEF707AF253078BE0073F628 /* LocalHud.swift */ = {isa = PBXFileReference; fileEncoding = 4; lastKnownFileType = sourcecode.swift; path = LocalHud.swift; sourceTree = "<group>"; };
		EEF707B0253078BE0073F628 /* AbstractView.swift */ = {isa = PBXFileReference; fileEncoding = 4; lastKnownFileType = sourcecode.swift; path = AbstractView.swift; sourceTree = "<group>"; };
		EEF707B2253078BE0073F628 /* StackLayout.swift */ = {isa = PBXFileReference; fileEncoding = 4; lastKnownFileType = sourcecode.swift; path = StackLayout.swift; sourceTree = "<group>"; };
		EEF707B3253078BE0073F628 /* AbsoluteLayout.swift */ = {isa = PBXFileReference; fileEncoding = 4; lastKnownFileType = sourcecode.swift; path = AbsoluteLayout.swift; sourceTree = "<group>"; };
		EEF707B4253078BE0073F628 /* ScrollLayout.swift */ = {isa = PBXFileReference; fileEncoding = 4; lastKnownFileType = sourcecode.swift; path = ScrollLayout.swift; sourceTree = "<group>"; };
		EEF707B7253078BF0073F628 /* BaseViewModel.swift */ = {isa = PBXFileReference; fileEncoding = 4; lastKnownFileType = sourcecode.swift; path = BaseViewModel.swift; sourceTree = "<group>"; };
		EEF707B8253078BF0073F628 /* ViewModels.swift */ = {isa = PBXFileReference; fileEncoding = 4; lastKnownFileType = sourcecode.swift; path = ViewModels.swift; sourceTree = "<group>"; };
		EEF707BA253078BF0073F628 /* Model.swift */ = {isa = PBXFileReference; fileEncoding = 4; lastKnownFileType = sourcecode.swift; path = Model.swift; sourceTree = "<group>"; };
		EEF707BC253078BF0073F628 /* BaseListPage.swift */ = {isa = PBXFileReference; fileEncoding = 4; lastKnownFileType = sourcecode.swift; path = BaseListPage.swift; sourceTree = "<group>"; };
		EEF707BD253078BF0073F628 /* BasePage.swift */ = {isa = PBXFileReference; fileEncoding = 4; lastKnownFileType = sourcecode.swift; path = BasePage.swift; sourceTree = "<group>"; };
		EEF707BE253078BF0073F628 /* BaseWebView.swift */ = {isa = PBXFileReference; fileEncoding = 4; lastKnownFileType = sourcecode.swift; path = BaseWebView.swift; sourceTree = "<group>"; };
		EEF707BF253078BF0073F628 /* BaseTabBarPage.swift */ = {isa = PBXFileReference; fileEncoding = 4; lastKnownFileType = sourcecode.swift; path = BaseTabBarPage.swift; sourceTree = "<group>"; };
		EEF707C0253078BF0073F628 /* BaseCollectionPage.swift */ = {isa = PBXFileReference; fileEncoding = 4; lastKnownFileType = sourcecode.swift; path = BaseCollectionPage.swift; sourceTree = "<group>"; };
		EEF707C1253078BF0073F628 /* BaseUIPage.swift */ = {isa = PBXFileReference; fileEncoding = 4; lastKnownFileType = sourcecode.swift; path = BaseUIPage.swift; sourceTree = "<group>"; };
		EEF707C3253078BF0073F628 /* CollectionView.swift */ = {isa = PBXFileReference; fileEncoding = 4; lastKnownFileType = sourcecode.swift; path = CollectionView.swift; sourceTree = "<group>"; };
		EEF707C4253078BF0073F628 /* SegmentedView.swift */ = {isa = PBXFileReference; fileEncoding = 4; lastKnownFileType = sourcecode.swift; path = SegmentedView.swift; sourceTree = "<group>"; };
		EEF707C5253078BF0073F628 /* ListView.swift */ = {isa = PBXFileReference; fileEncoding = 4; lastKnownFileType = sourcecode.swift; path = ListView.swift; sourceTree = "<group>"; };
		EEF707C6253078BF0073F628 /* Views.swift */ = {isa = PBXFileReference; fileEncoding = 4; lastKnownFileType = sourcecode.swift; path = Views.swift; sourceTree = "<group>"; };
		EEF707C7253078BF0073F628 /* BaseView.swift */ = {isa = PBXFileReference; fileEncoding = 4; lastKnownFileType = sourcecode.swift; path = BaseView.swift; sourceTree = "<group>"; };
		EEF707C9253078BF0073F628 /* NavigationPage.swift */ = {isa = PBXFileReference; fileEncoding = 4; lastKnownFileType = sourcecode.swift; path = NavigationPage.swift; sourceTree = "<group>"; };
		EEF707CA253078BF0073F628 /* ListPage.swift */ = {isa = PBXFileReference; fileEncoding = 4; lastKnownFileType = sourcecode.swift; path = ListPage.swift; sourceTree = "<group>"; };
		EEF707CB253078BF0073F628 /* DrawerPage.swift */ = {isa = PBXFileReference; fileEncoding = 4; lastKnownFileType = sourcecode.swift; path = DrawerPage.swift; sourceTree = "<group>"; };
		EEF707CC253078BF0073F628 /* CollectionPage.swift */ = {isa = PBXFileReference; fileEncoding = 4; lastKnownFileType = sourcecode.swift; path = CollectionPage.swift; sourceTree = "<group>"; };
		EEF707CD253078BF0073F628 /* PresenterPage.swift */ = {isa = PBXFileReference; fileEncoding = 4; lastKnownFileType = sourcecode.swift; path = PresenterPage.swift; sourceTree = "<group>"; };
		EEF707CE253078BF0073F628 /* Page.swift */ = {isa = PBXFileReference; fileEncoding = 4; lastKnownFileType = sourcecode.swift; path = Page.swift; sourceTree = "<group>"; };
		EEF707D0253078BF0073F628 /* DependencyManager.swift */ = {isa = PBXFileReference; fileEncoding = 4; lastKnownFileType = sourcecode.swift; path = DependencyManager.swift; sourceTree = "<group>"; };
		EEF707D2253078BF0073F628 /* Animator.swift */ = {isa = PBXFileReference; fileEncoding = 4; lastKnownFileType = sourcecode.swift; path = Animator.swift; sourceTree = "<group>"; };
		EEF707D3253078BF0073F628 /* AnimatorDelegate.swift */ = {isa = PBXFileReference; fileEncoding = 4; lastKnownFileType = sourcecode.swift; path = AnimatorDelegate.swift; sourceTree = "<group>"; };
		EEF707D4253078BF0073F628 /* AnimatorTypes.swift */ = {isa = PBXFileReference; fileEncoding = 4; lastKnownFileType = sourcecode.swift; path = AnimatorTypes.swift; sourceTree = "<group>"; };
		EEF707D7253078BF0073F628 /* UIScrollViewExtensions.swift */ = {isa = PBXFileReference; fileEncoding = 4; lastKnownFileType = sourcecode.swift; path = UIScrollViewExtensions.swift; sourceTree = "<group>"; };
		EEF707D8253078BF0073F628 /* Observable+Response.swift */ = {isa = PBXFileReference; fileEncoding = 4; lastKnownFileType = sourcecode.swift; path = "Observable+Response.swift"; sourceTree = "<group>"; };
		EEF707D9253078BF0073F628 /* MoyaProvider+Rx.swift */ = {isa = PBXFileReference; fileEncoding = 4; lastKnownFileType = sourcecode.swift; path = "MoyaProvider+Rx.swift"; sourceTree = "<group>"; };
		EEF707DA253078BF0073F628 /* UIBarButtonItemExtensions.swift */ = {isa = PBXFileReference; fileEncoding = 4; lastKnownFileType = sourcecode.swift; path = UIBarButtonItemExtensions.swift; sourceTree = "<group>"; };
		EEF707DB253078BF0073F628 /* UITableViewCellExtensions.swift */ = {isa = PBXFileReference; fileEncoding = 4; lastKnownFileType = sourcecode.swift; path = UITableViewCellExtensions.swift; sourceTree = "<group>"; };
		EEF707DC253078BF0073F628 /* ObservableType+ObjectMapper.swift */ = {isa = PBXFileReference; fileEncoding = 4; lastKnownFileType = sourcecode.swift; path = "ObservableType+ObjectMapper.swift"; sourceTree = "<group>"; };
		EEF707DD253078BF0073F628 /* WKWebViewExtensions.swift */ = {isa = PBXFileReference; fileEncoding = 4; lastKnownFileType = sourcecode.swift; path = WKWebViewExtensions.swift; sourceTree = "<group>"; };
		EEF707DE253078BF0073F628 /* Single+Response.swift */ = {isa = PBXFileReference; fileEncoding = 4; lastKnownFileType = sourcecode.swift; path = "Single+Response.swift"; sourceTree = "<group>"; };
		EEF707DF253078BF0073F628 /* BindingOperators.swift */ = {isa = PBXFileReference; fileEncoding = 4; lastKnownFileType = sourcecode.swift; path = BindingOperators.swift; sourceTree = "<group>"; };
		EEF707E0253078BF0073F628 /* UIViewExtensions.swift */ = {isa = PBXFileReference; fileEncoding = 4; lastKnownFileType = sourcecode.swift; path = UIViewExtensions.swift; sourceTree = "<group>"; };
		EEF707E1253078BF0073F628 /* UIControlExtensions.swift */ = {isa = PBXFileReference; fileEncoding = 4; lastKnownFileType = sourcecode.swift; path = UIControlExtensions.swift; sourceTree = "<group>"; };
		EEF707E2253078BF0073F628 /* UIGestureRecognizerExtensions.swift */ = {isa = PBXFileReference; fileEncoding = 4; lastKnownFileType = sourcecode.swift; path = UIGestureRecognizerExtensions.swift; sourceTree = "<group>"; };
		EEF707E3253078BF0073F628 /* Single+ObjectMapper.swift */ = {isa = PBXFileReference; fileEncoding = 4; lastKnownFileType = sourcecode.swift; path = "Single+ObjectMapper.swift"; sourceTree = "<group>"; };
		EEF707E4253078BF0073F628 /* Response+ObjectMapper.swift */ = {isa = PBXFileReference; fileEncoding = 4; lastKnownFileType = sourcecode.swift; path = "Response+ObjectMapper.swift"; sourceTree = "<group>"; };
		EEF707E5253078BF0073F628 /* UILabelExtensions.swift */ = {isa = PBXFileReference; fileEncoding = 4; lastKnownFileType = sourcecode.swift; path = UILabelExtensions.swift; sourceTree = "<group>"; };
		EEF707E6253078BF0073F628 /* UISwitchExtensions.swift */ = {isa = PBXFileReference; fileEncoding = 4; lastKnownFileType = sourcecode.swift; path = UISwitchExtensions.swift; sourceTree = "<group>"; };
		EEF707E7253078BF0073F628 /* UIImageViewExtensions.swift */ = {isa = PBXFileReference; fileEncoding = 4; lastKnownFileType = sourcecode.swift; path = UIImageViewExtensions.swift; sourceTree = "<group>"; };
		EEF707E8253078BF0073F628 /* UITabBarItemExtensions.swift */ = {isa = PBXFileReference; fileEncoding = 4; lastKnownFileType = sourcecode.swift; path = UITabBarItemExtensions.swift; sourceTree = "<group>"; };
		EEF707EA253078BF0073F628 /* NSErrorExtensions.swift */ = {isa = PBXFileReference; fileEncoding = 4; lastKnownFileType = sourcecode.swift; path = NSErrorExtensions.swift; sourceTree = "<group>"; };
		EEF707EB253078BF0073F628 /* ArrayExtensions.swift */ = {isa = PBXFileReference; fileEncoding = 4; lastKnownFileType = sourcecode.swift; path = ArrayExtensions.swift; sourceTree = "<group>"; };
		EEF707EC253078BF0073F628 /* UIEdgeInsetsExtensions.swift */ = {isa = PBXFileReference; fileEncoding = 4; lastKnownFileType = sourcecode.swift; path = UIEdgeInsetsExtensions.swift; sourceTree = "<group>"; };
		EEF707ED253078BF0073F628 /* UINavigationItemExtensions.swift */ = {isa = PBXFileReference; fileEncoding = 4; lastKnownFileType = sourcecode.swift; path = UINavigationItemExtensions.swift; sourceTree = "<group>"; };
		EEF707EE253078BF0073F628 /* StringExtensions.swift */ = {isa = PBXFileReference; fileEncoding = 4; lastKnownFileType = sourcecode.swift; path = StringExtensions.swift; sourceTree = "<group>"; };
		EEF707EF253078C00073F628 /* UIViewExntesions.swift */ = {isa = PBXFileReference; fileEncoding = 4; lastKnownFileType = sourcecode.swift; path = UIViewExntesions.swift; sourceTree = "<group>"; };
		EEF707F0253078C00073F628 /* UIViewControllerExtensions.swift */ = {isa = PBXFileReference; fileEncoding = 4; lastKnownFileType = sourcecode.swift; path = UIViewControllerExtensions.swift; sourceTree = "<group>"; };
		EEF707F1253078C00073F628 /* UIImageExtensions.swift */ = {isa = PBXFileReference; fileEncoding = 4; lastKnownFileType = sourcecode.swift; path = UIImageExtensions.swift; sourceTree = "<group>"; };
		EEF707F2253078C00073F628 /* UICollectionViewExtension.swift */ = {isa = PBXFileReference; fileEncoding = 4; lastKnownFileType = sourcecode.swift; path = UICollectionViewExtension.swift; sourceTree = "<group>"; };
		EEF707F3253078C00073F628 /* OptionalExtensions.swift */ = {isa = PBXFileReference; fileEncoding = 4; lastKnownFileType = sourcecode.swift; path = OptionalExtensions.swift; sourceTree = "<group>"; };
		EEF707F4253078C00073F628 /* NSObjectExtensions.swift */ = {isa = PBXFileReference; fileEncoding = 4; lastKnownFileType = sourcecode.swift; path = NSObjectExtensions.swift; sourceTree = "<group>"; };
		EEF707F5253078C00073F628 /* UIColorExtensions.swift */ = {isa = PBXFileReference; fileEncoding = 4; lastKnownFileType = sourcecode.swift; path = UIColorExtensions.swift; sourceTree = "<group>"; };
		EEF707F7253078C00073F628 /* Global.swift */ = {isa = PBXFileReference; fileEncoding = 4; lastKnownFileType = sourcecode.swift; path = Global.swift; sourceTree = "<group>"; };
		EEF707F8253078C00073F628 /* Protocols.swift */ = {isa = PBXFileReference; fileEncoding = 4; lastKnownFileType = sourcecode.swift; path = Protocols.swift; sourceTree = "<group>"; };
		EEF707F9253078C00073F628 /* SectionList.swift */ = {isa = PBXFileReference; fileEncoding = 4; lastKnownFileType = sourcecode.swift; path = SectionList.swift; sourceTree = "<group>"; };
		EEF707FA253078C00073F628 /* Scheduler.swift */ = {isa = PBXFileReference; fileEncoding = 4; lastKnownFileType = sourcecode.swift; path = Scheduler.swift; sourceTree = "<group>"; };
		EEF707FB253078C00073F628 /* Font.swift */ = {isa = PBXFileReference; fileEncoding = 4; lastKnownFileType = sourcecode.swift; path = Font.swift; sourceTree = "<group>"; };
		EEF707FD253078C00073F628 /* ReachabilityService.swift */ = {isa = PBXFileReference; fileEncoding = 4; lastKnownFileType = sourcecode.swift; path = ReachabilityService.swift; sourceTree = "<group>"; };
		EEF707FE253078C00073F628 /* StorageService.swift */ = {isa = PBXFileReference; fileEncoding = 4; lastKnownFileType = sourcecode.swift; path = StorageService.swift; sourceTree = "<group>"; };
		EEF707FF253078C00073F628 /* AlertService.swift */ = {isa = PBXFileReference; fileEncoding = 4; lastKnownFileType = sourcecode.swift; path = AlertService.swift; sourceTree = "<group>"; };
		EEF70800253078C00073F628 /* LocaleService.swift */ = {isa = PBXFileReference; fileEncoding = 4; lastKnownFileType = sourcecode.swift; path = LocaleService.swift; sourceTree = "<group>"; };
		EEF70801253078C00073F628 /* NetworkService.swift */ = {isa = PBXFileReference; fileEncoding = 4; lastKnownFileType = sourcecode.swift; path = NetworkService.swift; sourceTree = "<group>"; };
		EEF70802253078C00073F628 /* ShareService.swift */ = {isa = PBXFileReference; fileEncoding = 4; lastKnownFileType = sourcecode.swift; path = ShareService.swift; sourceTree = "<group>"; };
		EEF70803253078C00073F628 /* MailService.swift */ = {isa = PBXFileReference; fileEncoding = 4; lastKnownFileType = sourcecode.swift; path = MailService.swift; sourceTree = "<group>"; };
		EEF70804253078C00073F628 /* NavigationService.swift */ = {isa = PBXFileReference; fileEncoding = 4; lastKnownFileType = sourcecode.swift; path = NavigationService.swift; sourceTree = "<group>"; };
		F48A481B430BB9ECCFB4277D /* Pods-RRSwiftListingWithoutStoryboard-RRSwiftListingWithoutStoryboardUITests.debug.xcconfig */ = {isa = PBXFileReference; includeInIndex = 1; lastKnownFileType = text.xcconfig; name = "Pods-RRSwiftListingWithoutStoryboard-RRSwiftListingWithoutStoryboardUITests.debug.xcconfig"; path = "Target Support Files/Pods-RRSwiftListingWithoutStoryboard-RRSwiftListingWithoutStoryboardUITests/Pods-RRSwiftListingWithoutStoryboard-RRSwiftListingWithoutStoryboardUITests.debug.xcconfig"; sourceTree = "<group>"; };
/* End PBXFileReference section */

/* Begin PBXFrameworksBuildPhase section */
		EE3E8C9424E29C4A006330E4 /* Frameworks */ = {
			isa = PBXFrameworksBuildPhase;
			buildActionMask = 2147483647;
			files = (
				64A89F0AB065F468A1B01D5A /* Pods_RRSwiftListingWithoutStoryboard.framework in Frameworks */,
			);
			runOnlyForDeploymentPostprocessing = 0;
		};
		EE3E8CAA24E29C4D006330E4 /* Frameworks */ = {
			isa = PBXFrameworksBuildPhase;
			buildActionMask = 2147483647;
			files = (
				B2A2196696AE6C8353D4C733 /* Pods_RRSwiftListingWithoutStoryboardTests.framework in Frameworks */,
			);
			runOnlyForDeploymentPostprocessing = 0;
		};
		EE3E8CB524E29C4D006330E4 /* Frameworks */ = {
			isa = PBXFrameworksBuildPhase;
			buildActionMask = 2147483647;
			files = (
				80447195EE0E59E4B209DA74 /* Pods_RRSwiftListingWithoutStoryboard_RRSwiftListingWithoutStoryboardUITests.framework in Frameworks */,
			);
			runOnlyForDeploymentPostprocessing = 0;
		};
/* End PBXFrameworksBuildPhase section */

/* Begin PBXGroup section */
		9799EB3928766CF1556856B7 /* Frameworks */ = {
			isa = PBXGroup;
			children = (
				B0351AAEC6F2FFAF158F43F0 /* Pods_RRSwiftListingWithoutStoryboard.framework */,
				A570DF5BB294AAC9DCB8C739 /* Pods_RRSwiftListingWithoutStoryboard_RRSwiftListingWithoutStoryboardUITests.framework */,
				A3F8F447E9AD52CC4CE1AF79 /* Pods_RRSwiftListingWithoutStoryboardTests.framework */,
			);
			name = Frameworks;
			sourceTree = "<group>";
		};
		D30614D97A44EC8060B1EADD /* Pods */ = {
			isa = PBXGroup;
			children = (
				37E7C25CF2BF94B4BDB4F47F /* Pods-RRSwiftListingWithoutStoryboard.debug.xcconfig */,
				71B99F5397DD050A50F58ECB /* Pods-RRSwiftListingWithoutStoryboard.release.xcconfig */,
				F48A481B430BB9ECCFB4277D /* Pods-RRSwiftListingWithoutStoryboard-RRSwiftListingWithoutStoryboardUITests.debug.xcconfig */,
				84840C30821BC39BE81B4990 /* Pods-RRSwiftListingWithoutStoryboard-RRSwiftListingWithoutStoryboardUITests.release.xcconfig */,
				A19E2CE320E6A8886373AA32 /* Pods-RRSwiftListingWithoutStoryboardTests.debug.xcconfig */,
				B378071D081D95FBA719C191 /* Pods-RRSwiftListingWithoutStoryboardTests.release.xcconfig */,
			);
			path = Pods;
			sourceTree = "<group>";
		};
		EE3E8C8E24E29C4A006330E4 = {
			isa = PBXGroup;
			children = (
				EE3E8C9924E29C4A006330E4 /* RRSwiftListingWithoutStoryboard */,
				EE3E8CB024E29C4D006330E4 /* RRSwiftListingWithoutStoryboardTests */,
				EE3E8CBB24E29C4D006330E4 /* RRSwiftListingWithoutStoryboardUITests */,
				EE3E8C9824E29C4A006330E4 /* Products */,
				D30614D97A44EC8060B1EADD /* Pods */,
				9799EB3928766CF1556856B7 /* Frameworks */,
			);
			sourceTree = "<group>";
		};
		EE3E8C9824E29C4A006330E4 /* Products */ = {
			isa = PBXGroup;
			children = (
				EE3E8C9724E29C4A006330E4 /* RRSwiftListingWithoutStoryboard.app */,
				EE3E8CAD24E29C4D006330E4 /* RRSwiftListingWithoutStoryboardTests.xctest */,
				EE3E8CB824E29C4D006330E4 /* RRSwiftListingWithoutStoryboardUITests.xctest */,
			);
			name = Products;
			sourceTree = "<group>";
		};
		EE3E8C9924E29C4A006330E4 /* RRSwiftListingWithoutStoryboard */ = {
			isa = PBXGroup;
			children = (
				EE3E8C9A24E29C4A006330E4 /* AppDelegate.swift */,
				EE7FEC0624E4F1D100A7DBE0 /* ViewControllers */,
				EE7FEC0A24E4F1D100A7DBE0 /* ViewModels */,
				EE3E8CDE24E29F46006330E4 /* Models */,
				EE3E8CCD24E29F46006330E4 /* Cells */,
				EEF707AC253078BE0073F628 /* MVVM */,
				EE3E8CCF24E29F46006330E4 /* Utilities */,
				EE3E8CCE24E29F46006330E4 /* Extensions */,
				EE3E8CCA24E29C6F006330E4 /* RRSwiftListingWithoutStoryboard.entitlements */,
				EE3E8CA324E29C4C006330E4 /* Assets.xcassets */,
				EE3E8CA524E29C4C006330E4 /* LaunchScreen.storyboard */,
				EE3E8CA824E29C4C006330E4 /* Info.plist */,
			);
			path = RRSwiftListingWithoutStoryboard;
			sourceTree = "<group>";
		};
		EE3E8CB024E29C4D006330E4 /* RRSwiftListingWithoutStoryboardTests */ = {
			isa = PBXGroup;
			children = (
				EE3E8CB124E29C4D006330E4 /* RRSwiftListingWithoutStoryboardTests.swift */,
				EE2C005B24E507C30006BBB9 /* ListingTests.swift */,
				EE3E8CB324E29C4D006330E4 /* Info.plist */,
			);
			path = RRSwiftListingWithoutStoryboardTests;
			sourceTree = "<group>";
		};
		EE3E8CBB24E29C4D006330E4 /* RRSwiftListingWithoutStoryboardUITests */ = {
			isa = PBXGroup;
			children = (
				EE3E8CBC24E29C4D006330E4 /* RRSwiftListingWithoutStoryboardUITests.swift */,
				EE2C005D24E518090006BBB9 /* ListingUITests.swift */,
				EE2C005F24E5181F0006BBB9 /* DetailsTests.swift */,
				EE3E8CBE24E29C4D006330E4 /* Info.plist */,
			);
			path = RRSwiftListingWithoutStoryboardUITests;
			sourceTree = "<group>";
		};
		EE3E8CCD24E29F46006330E4 /* Cells */ = {
			isa = PBXGroup;
			children = (
				EE3E8CFF24E2AF41006330E4 /* ListingCell.swift */,
			);
			path = Cells;
			sourceTree = "<group>";
		};
		EE3E8CCE24E29F46006330E4 /* Extensions */ = {
			isa = PBXGroup;
			children = (
				EE3E8CE924E29F64006330E4 /* RRUIImageView+Extension.swift */,
				EE3E8CEB24E2A098006330E4 /* RRGeneral+Extensions.swift */,
				EE3E8D0124E2B16D006330E4 /* RRUIAlertController+Extension.swift */,
				EED2F41924E548A80061DAB6 /* RRUIColor+Extension.swift */,
				EE3E8D0324E2B1C8006330E4 /* RRx+Extension.swift */,
			);
			path = Extensions;
			sourceTree = "<group>";
		};
		EE3E8CCF24E29F46006330E4 /* Utilities */ = {
			isa = PBXGroup;
			children = (
				EE3E8CF124E2A1BB006330E4 /* RRStructs.swift */,
				EE3E8CEF24E2A169006330E4 /* RRLoader.swift */,
				EE3E8CF324E2A299006330E4 /* RRAPIManager.swift */,
				EE3E8CF524E2A312006330E4 /* RRHTTPStatusCodeEnum.swift */,
				EE3E8CF724E2A6E9006330E4 /* RRErrorEnum.swift */,
				EE70D43424E3E6C200E898E8 /* RRCustomViews.swift */,
				EE70D43624E3F08900E898E8 /* RRSortEnum.swift */,
			);
			path = Utilities;
			sourceTree = "<group>";
		};
		EE3E8CDE24E29F46006330E4 /* Models */ = {
			isa = PBXGroup;
			children = (
				EE3E8CF924E2A85D006330E4 /* RRDataModel.swift */,
			);
			path = Models;
			sourceTree = "<group>";
		};
		EE7FEC0624E4F1D100A7DBE0 /* ViewControllers */ = {
			isa = PBXGroup;
			children = (
				EE7FEC0724E4F1D100A7DBE0 /* BaseVC.swift */,
				EE7FEC0824E4F1D100A7DBE0 /* ListingVC.swift */,
				EE7FEC0924E4F1D100A7DBE0 /* DetailsVC.swift */,
			);
			path = ViewControllers;
			sourceTree = "<group>";
		};
		EE7FEC0A24E4F1D100A7DBE0 /* ViewModels */ = {
			isa = PBXGroup;
			children = (
				EE7FEC0E24E4F1EA00A7DBE0 /* ListingVM.swift */,
			);
			path = ViewModels;
			sourceTree = "<group>";
		};
		EEF707AC253078BE0073F628 /* MVVM */ = {
			isa = PBXGroup;
			children = (
				EEF707AD253078BE0073F628 /* Core */,
				EEF707CF253078BF0073F628 /* Managers */,
				EEF707D1253078BF0073F628 /* Animators */,
				EEF707D5253078BF0073F628 /* Extensions */,
				EEF707F6253078C00073F628 /* Global */,
				EEF707FC253078C00073F628 /* Services */,
			);
			path = MVVM;
			sourceTree = "<group>";
		};
		EEF707AD253078BE0073F628 /* Core */ = {
			isa = PBXGroup;
			children = (
				EEF707AE253078BE0073F628 /* Controls */,
				EEF707B1253078BE0073F628 /* Layouts */,
				EEF707B5253078BE0073F628 /* Base */,
			);
			path = Core;
			sourceTree = "<group>";
		};
		EEF707AE253078BE0073F628 /* Controls */ = {
			isa = PBXGroup;
			children = (
				EEF707AF253078BE0073F628 /* LocalHud.swift */,
				EEF707B0253078BE0073F628 /* AbstractView.swift */,
			);
			path = Controls;
			sourceTree = "<group>";
		};
		EEF707B1253078BE0073F628 /* Layouts */ = {
			isa = PBXGroup;
			children = (
				EEF707B2253078BE0073F628 /* StackLayout.swift */,
				EEF707B3253078BE0073F628 /* AbsoluteLayout.swift */,
				EEF707B4253078BE0073F628 /* ScrollLayout.swift */,
			);
			path = Layouts;
			sourceTree = "<group>";
		};
		EEF707B5253078BE0073F628 /* Base */ = {
			isa = PBXGroup;
			children = (
				EEF707B6253078BF0073F628 /* ViewModel */,
				EEF707B9253078BF0073F628 /* Models */,
				EEF707BB253078BF0073F628 /* BasePages */,
				EEF707C2253078BF0073F628 /* Views */,
				EEF707C8253078BF0073F628 /* Pages */,
			);
			path = Base;
			sourceTree = "<group>";
		};
		EEF707B6253078BF0073F628 /* ViewModel */ = {
			isa = PBXGroup;
			children = (
				EEF707B7253078BF0073F628 /* BaseViewModel.swift */,
				EEF707B8253078BF0073F628 /* ViewModels.swift */,
			);
			path = ViewModel;
			sourceTree = "<group>";
		};
		EEF707B9253078BF0073F628 /* Models */ = {
			isa = PBXGroup;
			children = (
				EEF707BA253078BF0073F628 /* Model.swift */,
			);
			path = Models;
			sourceTree = "<group>";
		};
		EEF707BB253078BF0073F628 /* BasePages */ = {
			isa = PBXGroup;
			children = (
				EEF707BC253078BF0073F628 /* BaseListPage.swift */,
				EEF707BD253078BF0073F628 /* BasePage.swift */,
				EEF707BE253078BF0073F628 /* BaseWebView.swift */,
				EEF707BF253078BF0073F628 /* BaseTabBarPage.swift */,
				EEF707C0253078BF0073F628 /* BaseCollectionPage.swift */,
				EEF707C1253078BF0073F628 /* BaseUIPage.swift */,
			);
			path = BasePages;
			sourceTree = "<group>";
		};
		EEF707C2253078BF0073F628 /* Views */ = {
			isa = PBXGroup;
			children = (
				EEF707C3253078BF0073F628 /* CollectionView.swift */,
				EEF707C4253078BF0073F628 /* SegmentedView.swift */,
				EEF707C5253078BF0073F628 /* ListView.swift */,
				EEF707C6253078BF0073F628 /* Views.swift */,
				EEF707C7253078BF0073F628 /* BaseView.swift */,
			);
			path = Views;
			sourceTree = "<group>";
		};
		EEF707C8253078BF0073F628 /* Pages */ = {
			isa = PBXGroup;
			children = (
				EEF707C9253078BF0073F628 /* NavigationPage.swift */,
				EEF707CA253078BF0073F628 /* ListPage.swift */,
				EEF707CB253078BF0073F628 /* DrawerPage.swift */,
				EEF707CC253078BF0073F628 /* CollectionPage.swift */,
				EEF707CD253078BF0073F628 /* PresenterPage.swift */,
				EEF707CE253078BF0073F628 /* Page.swift */,
			);
			path = Pages;
			sourceTree = "<group>";
		};
		EEF707CF253078BF0073F628 /* Managers */ = {
			isa = PBXGroup;
			children = (
				EEF707D0253078BF0073F628 /* DependencyManager.swift */,
			);
			path = Managers;
			sourceTree = "<group>";
		};
		EEF707D1253078BF0073F628 /* Animators */ = {
			isa = PBXGroup;
			children = (
				EEF707D2253078BF0073F628 /* Animator.swift */,
				EEF707D3253078BF0073F628 /* AnimatorDelegate.swift */,
				EEF707D4253078BF0073F628 /* AnimatorTypes.swift */,
			);
			path = Animators;
			sourceTree = "<group>";
		};
		EEF707D5253078BF0073F628 /* Extensions */ = {
			isa = PBXGroup;
			children = (
				EEF707D6253078BF0073F628 /* ReactiveExtensions */,
				EEF707E9253078BF0073F628 /* UIKitExtensions */,
			);
			path = Extensions;
			sourceTree = "<group>";
		};
		EEF707D6253078BF0073F628 /* ReactiveExtensions */ = {
			isa = PBXGroup;
			children = (
				EEF707D7253078BF0073F628 /* UIScrollViewExtensions.swift */,
				EEF707D8253078BF0073F628 /* Observable+Response.swift */,
				EEF707D9253078BF0073F628 /* MoyaProvider+Rx.swift */,
				EEF707DA253078BF0073F628 /* UIBarButtonItemExtensions.swift */,
				EEF707DB253078BF0073F628 /* UITableViewCellExtensions.swift */,
				EEF707DC253078BF0073F628 /* ObservableType+ObjectMapper.swift */,
				EEF707DD253078BF0073F628 /* WKWebViewExtensions.swift */,
				EEF707DE253078BF0073F628 /* Single+Response.swift */,
				EEF707DF253078BF0073F628 /* BindingOperators.swift */,
				EEF707E0253078BF0073F628 /* UIViewExtensions.swift */,
				EEF707E1253078BF0073F628 /* UIControlExtensions.swift */,
				EEF707E2253078BF0073F628 /* UIGestureRecognizerExtensions.swift */,
				EEF707E3253078BF0073F628 /* Single+ObjectMapper.swift */,
				EEF707E4253078BF0073F628 /* Response+ObjectMapper.swift */,
				EEF707E5253078BF0073F628 /* UILabelExtensions.swift */,
				EEF707E6253078BF0073F628 /* UISwitchExtensions.swift */,
				EEF707E7253078BF0073F628 /* UIImageViewExtensions.swift */,
				EEF707E8253078BF0073F628 /* UITabBarItemExtensions.swift */,
			);
			path = ReactiveExtensions;
			sourceTree = "<group>";
		};
		EEF707E9253078BF0073F628 /* UIKitExtensions */ = {
			isa = PBXGroup;
			children = (
				EEF707EA253078BF0073F628 /* NSErrorExtensions.swift */,
				EEF707EB253078BF0073F628 /* ArrayExtensions.swift */,
				EEF707EC253078BF0073F628 /* UIEdgeInsetsExtensions.swift */,
				EEF707ED253078BF0073F628 /* UINavigationItemExtensions.swift */,
				EEF707EE253078BF0073F628 /* StringExtensions.swift */,
				EEF707EF253078C00073F628 /* UIViewExntesions.swift */,
				EEF707F0253078C00073F628 /* UIViewControllerExtensions.swift */,
				EEF707F1253078C00073F628 /* UIImageExtensions.swift */,
				EEF707F2253078C00073F628 /* UICollectionViewExtension.swift */,
				EEF707F3253078C00073F628 /* OptionalExtensions.swift */,
				EEF707F4253078C00073F628 /* NSObjectExtensions.swift */,
				EEF707F5253078C00073F628 /* UIColorExtensions.swift */,
			);
			path = UIKitExtensions;
			sourceTree = "<group>";
		};
		EEF707F6253078C00073F628 /* Global */ = {
			isa = PBXGroup;
			children = (
				EEF707F7253078C00073F628 /* Global.swift */,
				EEF707F8253078C00073F628 /* Protocols.swift */,
				EEF707F9253078C00073F628 /* SectionList.swift */,
				EEF707FA253078C00073F628 /* Scheduler.swift */,
				EEF707FB253078C00073F628 /* Font.swift */,
			);
			path = Global;
			sourceTree = "<group>";
		};
		EEF707FC253078C00073F628 /* Services */ = {
			isa = PBXGroup;
			children = (
				EEF707FD253078C00073F628 /* ReachabilityService.swift */,
				EEF707FE253078C00073F628 /* StorageService.swift */,
				EEF707FF253078C00073F628 /* AlertService.swift */,
				EEF70800253078C00073F628 /* LocaleService.swift */,
				EEF70801253078C00073F628 /* NetworkService.swift */,
				EEF70802253078C00073F628 /* ShareService.swift */,
				EEF70803253078C00073F628 /* MailService.swift */,
				EEF70804253078C00073F628 /* NavigationService.swift */,
			);
			path = Services;
			sourceTree = "<group>";
		};
/* End PBXGroup section */

/* Begin PBXNativeTarget section */
		EE3E8C9624E29C4A006330E4 /* RRSwiftListingWithoutStoryboard */ = {
			isa = PBXNativeTarget;
			buildConfigurationList = EE3E8CC124E29C4D006330E4 /* Build configuration list for PBXNativeTarget "RRSwiftListingWithoutStoryboard" */;
			buildPhases = (
				31015EBF5C6B73EE0A8F7A51 /* [CP] Check Pods Manifest.lock */,
				EE3E8C9324E29C4A006330E4 /* Sources */,
				EE3E8C9424E29C4A006330E4 /* Frameworks */,
				EE3E8C9524E29C4A006330E4 /* Resources */,
				D629E7E1C13065E016C9C781 /* [CP] Embed Pods Frameworks */,
				EEF70793253078610073F628 /* Run SwiftLint */,
			);
			buildRules = (
			);
			dependencies = (
			);
			name = RRSwiftListingWithoutStoryboard;
			productName = RRSwiftListingWithoutStoryboard;
			productReference = EE3E8C9724E29C4A006330E4 /* RRSwiftListingWithoutStoryboard.app */;
			productType = "com.apple.product-type.application";
		};
		EE3E8CAC24E29C4D006330E4 /* RRSwiftListingWithoutStoryboardTests */ = {
			isa = PBXNativeTarget;
			buildConfigurationList = EE3E8CC424E29C4D006330E4 /* Build configuration list for PBXNativeTarget "RRSwiftListingWithoutStoryboardTests" */;
			buildPhases = (
				E4B8AF74D5D2CF799C923A5B /* [CP] Check Pods Manifest.lock */,
				EE3E8CA924E29C4D006330E4 /* Sources */,
				EE3E8CAA24E29C4D006330E4 /* Frameworks */,
				EE3E8CAB24E29C4D006330E4 /* Resources */,
			);
			buildRules = (
			);
			dependencies = (
				EE3E8CAF24E29C4D006330E4 /* PBXTargetDependency */,
			);
			name = RRSwiftListingWithoutStoryboardTests;
			productName = RRSwiftListingWithoutStoryboardTests;
			productReference = EE3E8CAD24E29C4D006330E4 /* RRSwiftListingWithoutStoryboardTests.xctest */;
			productType = "com.apple.product-type.bundle.unit-test";
		};
		EE3E8CB724E29C4D006330E4 /* RRSwiftListingWithoutStoryboardUITests */ = {
			isa = PBXNativeTarget;
			buildConfigurationList = EE3E8CC724E29C4D006330E4 /* Build configuration list for PBXNativeTarget "RRSwiftListingWithoutStoryboardUITests" */;
			buildPhases = (
				F567CECDF973E5DFA22177C7 /* [CP] Check Pods Manifest.lock */,
				EE3E8CB424E29C4D006330E4 /* Sources */,
				EE3E8CB524E29C4D006330E4 /* Frameworks */,
				EE3E8CB624E29C4D006330E4 /* Resources */,
				98F6B17BAA7D41D334A7A26C /* [CP] Embed Pods Frameworks */,
			);
			buildRules = (
			);
			dependencies = (
				EE3E8CBA24E29C4D006330E4 /* PBXTargetDependency */,
			);
			name = RRSwiftListingWithoutStoryboardUITests;
			productName = RRSwiftListingWithoutStoryboardUITests;
			productReference = EE3E8CB824E29C4D006330E4 /* RRSwiftListingWithoutStoryboardUITests.xctest */;
			productType = "com.apple.product-type.bundle.ui-testing";
		};
/* End PBXNativeTarget section */

/* Begin PBXProject section */
		EE3E8C8F24E29C4A006330E4 /* Project object */ = {
			isa = PBXProject;
			attributes = {
				LastSwiftUpdateCheck = 1130;
				LastUpgradeCheck = 1130;
				ORGANIZATIONNAME = RR;
				TargetAttributes = {
					EE3E8C9624E29C4A006330E4 = {
						CreatedOnToolsVersion = 11.3.1;
					};
					EE3E8CAC24E29C4D006330E4 = {
						CreatedOnToolsVersion = 11.3.1;
						TestTargetID = EE3E8C9624E29C4A006330E4;
					};
					EE3E8CB724E29C4D006330E4 = {
						CreatedOnToolsVersion = 11.3.1;
						TestTargetID = EE3E8C9624E29C4A006330E4;
					};
				};
			};
			buildConfigurationList = EE3E8C9224E29C4A006330E4 /* Build configuration list for PBXProject "RRSwiftListingWithoutStoryboard" */;
			compatibilityVersion = "Xcode 9.3";
			developmentRegion = en;
			hasScannedForEncodings = 0;
			knownRegions = (
				en,
				Base,
			);
			mainGroup = EE3E8C8E24E29C4A006330E4;
			productRefGroup = EE3E8C9824E29C4A006330E4 /* Products */;
			projectDirPath = "";
			projectRoot = "";
			targets = (
				EE3E8C9624E29C4A006330E4 /* RRSwiftListingWithoutStoryboard */,
				EE3E8CAC24E29C4D006330E4 /* RRSwiftListingWithoutStoryboardTests */,
				EE3E8CB724E29C4D006330E4 /* RRSwiftListingWithoutStoryboardUITests */,
			);
		};
/* End PBXProject section */

/* Begin PBXResourcesBuildPhase section */
		EE3E8C9524E29C4A006330E4 /* Resources */ = {
			isa = PBXResourcesBuildPhase;
			buildActionMask = 2147483647;
			files = (
				EE3E8CA724E29C4C006330E4 /* LaunchScreen.storyboard in Resources */,
				EE3E8CA424E29C4C006330E4 /* Assets.xcassets in Resources */,
			);
			runOnlyForDeploymentPostprocessing = 0;
		};
		EE3E8CAB24E29C4D006330E4 /* Resources */ = {
			isa = PBXResourcesBuildPhase;
			buildActionMask = 2147483647;
			files = (
			);
			runOnlyForDeploymentPostprocessing = 0;
		};
		EE3E8CB624E29C4D006330E4 /* Resources */ = {
			isa = PBXResourcesBuildPhase;
			buildActionMask = 2147483647;
			files = (
			);
			runOnlyForDeploymentPostprocessing = 0;
		};
/* End PBXResourcesBuildPhase section */

/* Begin PBXShellScriptBuildPhase section */
		31015EBF5C6B73EE0A8F7A51 /* [CP] Check Pods Manifest.lock */ = {
			isa = PBXShellScriptBuildPhase;
			buildActionMask = 2147483647;
			files = (
			);
			inputFileListPaths = (
			);
			inputPaths = (
				"${PODS_PODFILE_DIR_PATH}/Podfile.lock",
				"${PODS_ROOT}/Manifest.lock",
			);
			name = "[CP] Check Pods Manifest.lock";
			outputFileListPaths = (
			);
			outputPaths = (
				"$(DERIVED_FILE_DIR)/Pods-RRSwiftListingWithoutStoryboard-checkManifestLockResult.txt",
			);
			runOnlyForDeploymentPostprocessing = 0;
			shellPath = /bin/sh;
			shellScript = "diff \"${PODS_PODFILE_DIR_PATH}/Podfile.lock\" \"${PODS_ROOT}/Manifest.lock\" > /dev/null\nif [ $? != 0 ] ; then\n    # print error to STDERR\n    echo \"error: The sandbox is not in sync with the Podfile.lock. Run 'pod install' or update your CocoaPods installation.\" >&2\n    exit 1\nfi\n# This output is used by Xcode 'outputs' to avoid re-running this script phase.\necho \"SUCCESS\" > \"${SCRIPT_OUTPUT_FILE_0}\"\n";
			showEnvVarsInLog = 0;
		};
		98F6B17BAA7D41D334A7A26C /* [CP] Embed Pods Frameworks */ = {
			isa = PBXShellScriptBuildPhase;
			buildActionMask = 2147483647;
			files = (
			);
			inputFileListPaths = (
				"${PODS_ROOT}/Target Support Files/Pods-RRSwiftListingWithoutStoryboard-RRSwiftListingWithoutStoryboardUITests/Pods-RRSwiftListingWithoutStoryboard-RRSwiftListingWithoutStoryboardUITests-frameworks-${CONFIGURATION}-input-files.xcfilelist",
			);
			name = "[CP] Embed Pods Frameworks";
			outputFileListPaths = (
				"${PODS_ROOT}/Target Support Files/Pods-RRSwiftListingWithoutStoryboard-RRSwiftListingWithoutStoryboardUITests/Pods-RRSwiftListingWithoutStoryboard-RRSwiftListingWithoutStoryboardUITests-frameworks-${CONFIGURATION}-output-files.xcfilelist",
			);
			runOnlyForDeploymentPostprocessing = 0;
			shellPath = /bin/sh;
			shellScript = "\"${PODS_ROOT}/Target Support Files/Pods-RRSwiftListingWithoutStoryboard-RRSwiftListingWithoutStoryboardUITests/Pods-RRSwiftListingWithoutStoryboard-RRSwiftListingWithoutStoryboardUITests-frameworks.sh\"\n";
			showEnvVarsInLog = 0;
		};
		D629E7E1C13065E016C9C781 /* [CP] Embed Pods Frameworks */ = {
			isa = PBXShellScriptBuildPhase;
			buildActionMask = 2147483647;
			files = (
			);
			inputFileListPaths = (
				"${PODS_ROOT}/Target Support Files/Pods-RRSwiftListingWithoutStoryboard/Pods-RRSwiftListingWithoutStoryboard-frameworks-${CONFIGURATION}-input-files.xcfilelist",
			);
			name = "[CP] Embed Pods Frameworks";
			outputFileListPaths = (
				"${PODS_ROOT}/Target Support Files/Pods-RRSwiftListingWithoutStoryboard/Pods-RRSwiftListingWithoutStoryboard-frameworks-${CONFIGURATION}-output-files.xcfilelist",
			);
			runOnlyForDeploymentPostprocessing = 0;
			shellPath = /bin/sh;
			shellScript = "\"${PODS_ROOT}/Target Support Files/Pods-RRSwiftListingWithoutStoryboard/Pods-RRSwiftListingWithoutStoryboard-frameworks.sh\"\n";
			showEnvVarsInLog = 0;
		};
		E4B8AF74D5D2CF799C923A5B /* [CP] Check Pods Manifest.lock */ = {
			isa = PBXShellScriptBuildPhase;
			buildActionMask = 2147483647;
			files = (
			);
			inputFileListPaths = (
			);
			inputPaths = (
				"${PODS_PODFILE_DIR_PATH}/Podfile.lock",
				"${PODS_ROOT}/Manifest.lock",
			);
			name = "[CP] Check Pods Manifest.lock";
			outputFileListPaths = (
			);
			outputPaths = (
				"$(DERIVED_FILE_DIR)/Pods-RRSwiftListingWithoutStoryboardTests-checkManifestLockResult.txt",
			);
			runOnlyForDeploymentPostprocessing = 0;
			shellPath = /bin/sh;
			shellScript = "diff \"${PODS_PODFILE_DIR_PATH}/Podfile.lock\" \"${PODS_ROOT}/Manifest.lock\" > /dev/null\nif [ $? != 0 ] ; then\n    # print error to STDERR\n    echo \"error: The sandbox is not in sync with the Podfile.lock. Run 'pod install' or update your CocoaPods installation.\" >&2\n    exit 1\nfi\n# This output is used by Xcode 'outputs' to avoid re-running this script phase.\necho \"SUCCESS\" > \"${SCRIPT_OUTPUT_FILE_0}\"\n";
			showEnvVarsInLog = 0;
		};
		EEF70793253078610073F628 /* Run SwiftLint */ = {
			isa = PBXShellScriptBuildPhase;
			buildActionMask = 2147483647;
			files = (
			);
			inputFileListPaths = (
			);
			inputPaths = (
			);
			name = "Run SwiftLint";
			outputFileListPaths = (
			);
			outputPaths = (
			);
			runOnlyForDeploymentPostprocessing = 0;
			shellPath = /bin/sh;
			shellScript = "# Type a script or drag a script file from your workspace to insert its path.\n#\"${PODS_ROOT}/SwiftLint/swiftlint\"\n";
		};
		F567CECDF973E5DFA22177C7 /* [CP] Check Pods Manifest.lock */ = {
			isa = PBXShellScriptBuildPhase;
			buildActionMask = 2147483647;
			files = (
			);
			inputFileListPaths = (
			);
			inputPaths = (
				"${PODS_PODFILE_DIR_PATH}/Podfile.lock",
				"${PODS_ROOT}/Manifest.lock",
			);
			name = "[CP] Check Pods Manifest.lock";
			outputFileListPaths = (
			);
			outputPaths = (
				"$(DERIVED_FILE_DIR)/Pods-RRSwiftListingWithoutStoryboard-RRSwiftListingWithoutStoryboardUITests-checkManifestLockResult.txt",
			);
			runOnlyForDeploymentPostprocessing = 0;
			shellPath = /bin/sh;
			shellScript = "diff \"${PODS_PODFILE_DIR_PATH}/Podfile.lock\" \"${PODS_ROOT}/Manifest.lock\" > /dev/null\nif [ $? != 0 ] ; then\n    # print error to STDERR\n    echo \"error: The sandbox is not in sync with the Podfile.lock. Run 'pod install' or update your CocoaPods installation.\" >&2\n    exit 1\nfi\n# This output is used by Xcode 'outputs' to avoid re-running this script phase.\necho \"SUCCESS\" > \"${SCRIPT_OUTPUT_FILE_0}\"\n";
			showEnvVarsInLog = 0;
		};
/* End PBXShellScriptBuildPhase section */

/* Begin PBXSourcesBuildPhase section */
		EE3E8C9324E29C4A006330E4 /* Sources */ = {
			isa = PBXSourcesBuildPhase;
			buildActionMask = 2147483647;
			files = (
				EEF7080C253078C00073F628 /* Model.swift in Sources */,
				EE3E8CF624E2A312006330E4 /* RRHTTPStatusCodeEnum.swift in Sources */,
				EEF70839253078C10073F628 /* UIViewExntesions.swift in Sources */,
				EEF7081A253078C00073F628 /* DrawerPage.swift in Sources */,
				EE7FEC0F24E4F1EA00A7DBE0 /* ListingVM.swift in Sources */,
				EE70D43724E3F08900E898E8 /* RRSortEnum.swift in Sources */,
				EEF70823253078C00073F628 /* Observable+Response.swift in Sources */,
				EEF70808253078C00073F628 /* AbsoluteLayout.swift in Sources */,
				EEF70826253078C10073F628 /* UITableViewCellExtensions.swift in Sources */,
				EEF7081D253078C00073F628 /* Page.swift in Sources */,
				EEF70834253078C10073F628 /* NSErrorExtensions.swift in Sources */,
				EEF70844253078C10073F628 /* Font.swift in Sources */,
				EEF7081E253078C00073F628 /* DependencyManager.swift in Sources */,
				EEF70835253078C10073F628 /* ArrayExtensions.swift in Sources */,
				EEF70845253078C10073F628 /* ReachabilityService.swift in Sources */,
				EEF7080D253078C00073F628 /* BaseListPage.swift in Sources */,
				EEF70810253078C00073F628 /* BaseTabBarPage.swift in Sources */,
				EEF70842253078C10073F628 /* SectionList.swift in Sources */,
				EEF70841253078C10073F628 /* Protocols.swift in Sources */,
				EEF7083F253078C10073F628 /* UIColorExtensions.swift in Sources */,
				EEF7081B253078C00073F628 /* CollectionPage.swift in Sources */,
				EEF70828253078C10073F628 /* WKWebViewExtensions.swift in Sources */,
				EEF70837253078C10073F628 /* UINavigationItemExtensions.swift in Sources */,
				EE3E8D0224E2B16D006330E4 /* RRUIAlertController+Extension.swift in Sources */,
				EEF7083C253078C10073F628 /* UICollectionViewExtension.swift in Sources */,
				EEF7081C253078C00073F628 /* PresenterPage.swift in Sources */,
				EEF7082E253078C10073F628 /* Single+ObjectMapper.swift in Sources */,
				EEF70815253078C00073F628 /* ListView.swift in Sources */,
				EEF70821253078C00073F628 /* AnimatorTypes.swift in Sources */,
				EEF7082C253078C10073F628 /* UIControlExtensions.swift in Sources */,
				EEF7082D253078C10073F628 /* UIGestureRecognizerExtensions.swift in Sources */,
				EEF70836253078C10073F628 /* UIEdgeInsetsExtensions.swift in Sources */,
				EEF70825253078C00073F628 /* UIBarButtonItemExtensions.swift in Sources */,
				EE3E8CF424E2A299006330E4 /* RRAPIManager.swift in Sources */,
				EEF7080A253078C00073F628 /* BaseViewModel.swift in Sources */,
				EE7FEC0B24E4F1D100A7DBE0 /* BaseVC.swift in Sources */,
				EEF7082B253078C10073F628 /* UIViewExtensions.swift in Sources */,
				EED2F41A24E548A80061DAB6 /* RRUIColor+Extension.swift in Sources */,
				EEF70847253078C10073F628 /* AlertService.swift in Sources */,
				EEF7083D253078C10073F628 /* OptionalExtensions.swift in Sources */,
				EE3E8CF224E2A1BB006330E4 /* RRStructs.swift in Sources */,
				EEF70806253078C00073F628 /* AbstractView.swift in Sources */,
				EE3E8CF024E2A169006330E4 /* RRLoader.swift in Sources */,
				EEF70805253078C00073F628 /* LocalHud.swift in Sources */,
				EE3E8CEC24E2A098006330E4 /* RRGeneral+Extensions.swift in Sources */,
				EEF70830253078C10073F628 /* UILabelExtensions.swift in Sources */,
				EEF70807253078C00073F628 /* StackLayout.swift in Sources */,
				EEF70833253078C10073F628 /* UITabBarItemExtensions.swift in Sources */,
				EE3E8C9B24E29C4A006330E4 /* AppDelegate.swift in Sources */,
				EEF70822253078C00073F628 /* UIScrollViewExtensions.swift in Sources */,
				EE3E8CFA24E2A85D006330E4 /* RRDataModel.swift in Sources */,
				EE70D43524E3E6C200E898E8 /* RRCustomViews.swift in Sources */,
				EEF7083E253078C10073F628 /* NSObjectExtensions.swift in Sources */,
				EEF70814253078C00073F628 /* SegmentedView.swift in Sources */,
				EEF7082A253078C10073F628 /* BindingOperators.swift in Sources */,
				EEF70818253078C00073F628 /* NavigationPage.swift in Sources */,
				EEF70840253078C10073F628 /* Global.swift in Sources */,
				EEF70812253078C00073F628 /* BaseUIPage.swift in Sources */,
				EEF70838253078C10073F628 /* StringExtensions.swift in Sources */,
				EEF70820253078C00073F628 /* AnimatorDelegate.swift in Sources */,
				EEF70824253078C00073F628 /* MoyaProvider+Rx.swift in Sources */,
				EEF70848253078C10073F628 /* LocaleService.swift in Sources */,
				EE3E8D0424E2B1C8006330E4 /* RRx+Extension.swift in Sources */,
				EEF70816253078C00073F628 /* Views.swift in Sources */,
				EEF70809253078C00073F628 /* ScrollLayout.swift in Sources */,
				EEF70811253078C00073F628 /* BaseCollectionPage.swift in Sources */,
				EEF70849253078C10073F628 /* NetworkService.swift in Sources */,
				EE3E8CEA24E29F64006330E4 /* RRUIImageView+Extension.swift in Sources */,
				EEF70813253078C00073F628 /* CollectionView.swift in Sources */,
				EEF7084A253078C10073F628 /* ShareService.swift in Sources */,
				EEF7083A253078C10073F628 /* UIViewControllerExtensions.swift in Sources */,
				EEF7080E253078C00073F628 /* BasePage.swift in Sources */,
				EEF70831253078C10073F628 /* UISwitchExtensions.swift in Sources */,
				EEF7082F253078C10073F628 /* Response+ObjectMapper.swift in Sources */,
				EEF7083B253078C10073F628 /* UIImageExtensions.swift in Sources */,
				EE7FEC0C24E4F1D100A7DBE0 /* ListingVC.swift in Sources */,
				EEF7084C253078C10073F628 /* NavigationService.swift in Sources */,
				EEF7080B253078C00073F628 /* ViewModels.swift in Sources */,
				EEF70827253078C10073F628 /* ObservableType+ObjectMapper.swift in Sources */,
				EEF7084B253078C10073F628 /* MailService.swift in Sources */,
				EEF70819253078C00073F628 /* ListPage.swift in Sources */,
				EE7FEC0D24E4F1D100A7DBE0 /* DetailsVC.swift in Sources */,
				EEF70832253078C10073F628 /* UIImageViewExtensions.swift in Sources */,
				EE3E8D0024E2AF41006330E4 /* ListingCell.swift in Sources */,
				EEF70817253078C00073F628 /* BaseView.swift in Sources */,
				EEF70829253078C10073F628 /* Single+Response.swift in Sources */,
				EEF70846253078C10073F628 /* StorageService.swift in Sources */,
				EEF7080F253078C00073F628 /* BaseWebView.swift in Sources */,
				EEF70843253078C10073F628 /* Scheduler.swift in Sources */,
				EEF7081F253078C00073F628 /* Animator.swift in Sources */,
				EE3E8CF824E2A6E9006330E4 /* RRErrorEnum.swift in Sources */,
			);
			runOnlyForDeploymentPostprocessing = 0;
		};
		EE3E8CA924E29C4D006330E4 /* Sources */ = {
			isa = PBXSourcesBuildPhase;
			buildActionMask = 2147483647;
			files = (
				EE2C005C24E507C30006BBB9 /* ListingTests.swift in Sources */,
				EE3E8CB224E29C4D006330E4 /* RRSwiftListingWithoutStoryboardTests.swift in Sources */,
			);
			runOnlyForDeploymentPostprocessing = 0;
		};
		EE3E8CB424E29C4D006330E4 /* Sources */ = {
			isa = PBXSourcesBuildPhase;
			buildActionMask = 2147483647;
			files = (
				EE2C006924E527F70006BBB9 /* RRSortEnum.swift in Sources */,
				EE2C005E24E518090006BBB9 /* ListingUITests.swift in Sources */,
				EE2C006824E527D00006BBB9 /* BaseVC.swift in Sources */,
				EE2C006A24E528400006BBB9 /* ListingCell.swift in Sources */,
				EE2C007124E5286F0006BBB9 /* RRUIImageView+Extension.swift in Sources */,
				EE2C007024E5286B0006BBB9 /* RRCustomViews.swift in Sources */,
				EE2C006624E527850006BBB9 /* RRDataModel.swift in Sources */,
				EE2C006424E5274F0006BBB9 /* ListingVM.swift in Sources */,
				EE2C006024E5181F0006BBB9 /* DetailsTests.swift in Sources */,
				EE2C007224E528740006BBB9 /* RRx+Extension.swift in Sources */,
				EE2C006124E522820006BBB9 /* RRStructs.swift in Sources */,
				EE2C006524E5277D0006BBB9 /* RRUIAlertController+Extension.swift in Sources */,
				EE2C006C24E528540006BBB9 /* RRAPIManager.swift in Sources */,
				EE2C006324E527410006BBB9 /* ListingVC.swift in Sources */,
				EE2C006224E5272B0006BBB9 /* AppDelegate.swift in Sources */,
				EE2C006B24E528490006BBB9 /* DetailsVC.swift in Sources */,
				EE2C006E24E528600006BBB9 /* RRLoader.swift in Sources */,
				EE2C006D24E5285C0006BBB9 /* RRHTTPStatusCodeEnum.swift in Sources */,
				EE2C006724E527C40006BBB9 /* RRGeneral+Extensions.swift in Sources */,
				EE3E8CBD24E29C4D006330E4 /* RRSwiftListingWithoutStoryboardUITests.swift in Sources */,
				EE2C006F24E528670006BBB9 /* RRErrorEnum.swift in Sources */,
			);
			runOnlyForDeploymentPostprocessing = 0;
		};
/* End PBXSourcesBuildPhase section */

/* Begin PBXTargetDependency section */
		EE3E8CAF24E29C4D006330E4 /* PBXTargetDependency */ = {
			isa = PBXTargetDependency;
			target = EE3E8C9624E29C4A006330E4 /* RRSwiftListingWithoutStoryboard */;
			targetProxy = EE3E8CAE24E29C4D006330E4 /* PBXContainerItemProxy */;
		};
		EE3E8CBA24E29C4D006330E4 /* PBXTargetDependency */ = {
			isa = PBXTargetDependency;
			target = EE3E8C9624E29C4A006330E4 /* RRSwiftListingWithoutStoryboard */;
			targetProxy = EE3E8CB924E29C4D006330E4 /* PBXContainerItemProxy */;
		};
/* End PBXTargetDependency section */

/* Begin PBXVariantGroup section */
		EE3E8CA524E29C4C006330E4 /* LaunchScreen.storyboard */ = {
			isa = PBXVariantGroup;
			children = (
				EE3E8CA624E29C4C006330E4 /* Base */,
			);
			name = LaunchScreen.storyboard;
			sourceTree = "<group>";
		};
/* End PBXVariantGroup section */

/* Begin XCBuildConfiguration section */
		EE3E8CBF24E29C4D006330E4 /* Debug */ = {
			isa = XCBuildConfiguration;
			buildSettings = {
				ALWAYS_SEARCH_USER_PATHS = NO;
				CLANG_ANALYZER_NONNULL = YES;
				CLANG_ANALYZER_NUMBER_OBJECT_CONVERSION = YES_AGGRESSIVE;
				CLANG_CXX_LANGUAGE_STANDARD = "gnu++14";
				CLANG_CXX_LIBRARY = "libc++";
				CLANG_ENABLE_MODULES = YES;
				CLANG_ENABLE_OBJC_ARC = YES;
				CLANG_ENABLE_OBJC_WEAK = YES;
				CLANG_WARN_BLOCK_CAPTURE_AUTORELEASING = YES;
				CLANG_WARN_BOOL_CONVERSION = YES;
				CLANG_WARN_COMMA = YES;
				CLANG_WARN_CONSTANT_CONVERSION = YES;
				CLANG_WARN_DEPRECATED_OBJC_IMPLEMENTATIONS = YES;
				CLANG_WARN_DIRECT_OBJC_ISA_USAGE = YES_ERROR;
				CLANG_WARN_DOCUMENTATION_COMMENTS = YES;
				CLANG_WARN_EMPTY_BODY = YES;
				CLANG_WARN_ENUM_CONVERSION = YES;
				CLANG_WARN_INFINITE_RECURSION = YES;
				CLANG_WARN_INT_CONVERSION = YES;
				CLANG_WARN_NON_LITERAL_NULL_CONVERSION = YES;
				CLANG_WARN_OBJC_IMPLICIT_RETAIN_SELF = YES;
				CLANG_WARN_OBJC_LITERAL_CONVERSION = YES;
				CLANG_WARN_OBJC_ROOT_CLASS = YES_ERROR;
				CLANG_WARN_RANGE_LOOP_ANALYSIS = YES;
				CLANG_WARN_STRICT_PROTOTYPES = YES;
				CLANG_WARN_SUSPICIOUS_MOVE = YES;
				CLANG_WARN_UNGUARDED_AVAILABILITY = YES_AGGRESSIVE;
				CLANG_WARN_UNREACHABLE_CODE = YES;
				CLANG_WARN__DUPLICATE_METHOD_MATCH = YES;
				COPY_PHASE_STRIP = NO;
				DEBUG_INFORMATION_FORMAT = dwarf;
				ENABLE_STRICT_OBJC_MSGSEND = YES;
				ENABLE_TESTABILITY = YES;
				GCC_C_LANGUAGE_STANDARD = gnu11;
				GCC_DYNAMIC_NO_PIC = NO;
				GCC_NO_COMMON_BLOCKS = YES;
				GCC_OPTIMIZATION_LEVEL = 0;
				GCC_PREPROCESSOR_DEFINITIONS = (
					"DEBUG=1",
					"$(inherited)",
				);
				GCC_WARN_64_TO_32_BIT_CONVERSION = YES;
				GCC_WARN_ABOUT_RETURN_TYPE = YES_ERROR;
				GCC_WARN_UNDECLARED_SELECTOR = YES;
				GCC_WARN_UNINITIALIZED_AUTOS = YES_AGGRESSIVE;
				GCC_WARN_UNUSED_FUNCTION = YES;
				GCC_WARN_UNUSED_VARIABLE = YES;
				IPHONEOS_DEPLOYMENT_TARGET = 13.2;
				MTL_ENABLE_DEBUG_INFO = INCLUDE_SOURCE;
				MTL_FAST_MATH = YES;
				ONLY_ACTIVE_ARCH = YES;
				SDKROOT = iphoneos;
				SWIFT_ACTIVE_COMPILATION_CONDITIONS = DEBUG;
				SWIFT_OPTIMIZATION_LEVEL = "-Onone";
			};
			name = Debug;
		};
		EE3E8CC024E29C4D006330E4 /* Release */ = {
			isa = XCBuildConfiguration;
			buildSettings = {
				ALWAYS_SEARCH_USER_PATHS = NO;
				CLANG_ANALYZER_NONNULL = YES;
				CLANG_ANALYZER_NUMBER_OBJECT_CONVERSION = YES_AGGRESSIVE;
				CLANG_CXX_LANGUAGE_STANDARD = "gnu++14";
				CLANG_CXX_LIBRARY = "libc++";
				CLANG_ENABLE_MODULES = YES;
				CLANG_ENABLE_OBJC_ARC = YES;
				CLANG_ENABLE_OBJC_WEAK = YES;
				CLANG_WARN_BLOCK_CAPTURE_AUTORELEASING = YES;
				CLANG_WARN_BOOL_CONVERSION = YES;
				CLANG_WARN_COMMA = YES;
				CLANG_WARN_CONSTANT_CONVERSION = YES;
				CLANG_WARN_DEPRECATED_OBJC_IMPLEMENTATIONS = YES;
				CLANG_WARN_DIRECT_OBJC_ISA_USAGE = YES_ERROR;
				CLANG_WARN_DOCUMENTATION_COMMENTS = YES;
				CLANG_WARN_EMPTY_BODY = YES;
				CLANG_WARN_ENUM_CONVERSION = YES;
				CLANG_WARN_INFINITE_RECURSION = YES;
				CLANG_WARN_INT_CONVERSION = YES;
				CLANG_WARN_NON_LITERAL_NULL_CONVERSION = YES;
				CLANG_WARN_OBJC_IMPLICIT_RETAIN_SELF = YES;
				CLANG_WARN_OBJC_LITERAL_CONVERSION = YES;
				CLANG_WARN_OBJC_ROOT_CLASS = YES_ERROR;
				CLANG_WARN_RANGE_LOOP_ANALYSIS = YES;
				CLANG_WARN_STRICT_PROTOTYPES = YES;
				CLANG_WARN_SUSPICIOUS_MOVE = YES;
				CLANG_WARN_UNGUARDED_AVAILABILITY = YES_AGGRESSIVE;
				CLANG_WARN_UNREACHABLE_CODE = YES;
				CLANG_WARN__DUPLICATE_METHOD_MATCH = YES;
				COPY_PHASE_STRIP = NO;
				DEBUG_INFORMATION_FORMAT = "dwarf-with-dsym";
				ENABLE_NS_ASSERTIONS = NO;
				ENABLE_STRICT_OBJC_MSGSEND = YES;
				GCC_C_LANGUAGE_STANDARD = gnu11;
				GCC_NO_COMMON_BLOCKS = YES;
				GCC_WARN_64_TO_32_BIT_CONVERSION = YES;
				GCC_WARN_ABOUT_RETURN_TYPE = YES_ERROR;
				GCC_WARN_UNDECLARED_SELECTOR = YES;
				GCC_WARN_UNINITIALIZED_AUTOS = YES_AGGRESSIVE;
				GCC_WARN_UNUSED_FUNCTION = YES;
				GCC_WARN_UNUSED_VARIABLE = YES;
				IPHONEOS_DEPLOYMENT_TARGET = 13.2;
				MTL_ENABLE_DEBUG_INFO = NO;
				MTL_FAST_MATH = YES;
				SDKROOT = iphoneos;
				SWIFT_COMPILATION_MODE = wholemodule;
				SWIFT_OPTIMIZATION_LEVEL = "-O";
				VALIDATE_PRODUCT = YES;
			};
			name = Release;
		};
		EE3E8CC224E29C4D006330E4 /* Debug */ = {
			isa = XCBuildConfiguration;
			baseConfigurationReference = 37E7C25CF2BF94B4BDB4F47F /* Pods-RRSwiftListingWithoutStoryboard.debug.xcconfig */;
			buildSettings = {
				ASSETCATALOG_COMPILER_APPICON_NAME = AppIcon;
				CODE_SIGN_ENTITLEMENTS = RRSwiftListingWithoutStoryboard/RRSwiftListingWithoutStoryboard.entitlements;
				CODE_SIGN_STYLE = Automatic;
				INFOPLIST_FILE = RRSwiftListingWithoutStoryboard/Info.plist;
				IPHONEOS_DEPLOYMENT_TARGET = 11.0;
				LD_RUNPATH_SEARCH_PATHS = (
					"$(inherited)",
					"@executable_path/Frameworks",
				);
				PRODUCT_BUNDLE_IDENTIFIER = com.rr.RRSwiftListingWithoutStoryboard;
				PRODUCT_NAME = "$(TARGET_NAME)";
				SUPPORTS_MACCATALYST = NO;
				SWIFT_VERSION = 5.0;
				TARGETED_DEVICE_FAMILY = "1,2";
			};
			name = Debug;
		};
		EE3E8CC324E29C4D006330E4 /* Release */ = {
			isa = XCBuildConfiguration;
			baseConfigurationReference = 71B99F5397DD050A50F58ECB /* Pods-RRSwiftListingWithoutStoryboard.release.xcconfig */;
			buildSettings = {
				ASSETCATALOG_COMPILER_APPICON_NAME = AppIcon;
				CODE_SIGN_ENTITLEMENTS = RRSwiftListingWithoutStoryboard/RRSwiftListingWithoutStoryboard.entitlements;
				CODE_SIGN_STYLE = Automatic;
				INFOPLIST_FILE = RRSwiftListingWithoutStoryboard/Info.plist;
				IPHONEOS_DEPLOYMENT_TARGET = 11.0;
				LD_RUNPATH_SEARCH_PATHS = (
					"$(inherited)",
					"@executable_path/Frameworks",
				);
				PRODUCT_BUNDLE_IDENTIFIER = com.rr.RRSwiftListingWithoutStoryboard;
				PRODUCT_NAME = "$(TARGET_NAME)";
				SUPPORTS_MACCATALYST = NO;
				SWIFT_VERSION = 5.0;
				TARGETED_DEVICE_FAMILY = "1,2";
			};
			name = Release;
		};
		EE3E8CC524E29C4D006330E4 /* Debug */ = {
			isa = XCBuildConfiguration;
			baseConfigurationReference = A19E2CE320E6A8886373AA32 /* Pods-RRSwiftListingWithoutStoryboardTests.debug.xcconfig */;
			buildSettings = {
				ALWAYS_EMBED_SWIFT_STANDARD_LIBRARIES = YES;
				BUNDLE_LOADER = "$(TEST_HOST)";
				CODE_SIGN_STYLE = Automatic;
				INFOPLIST_FILE = RRSwiftListingWithoutStoryboardTests/Info.plist;
				IPHONEOS_DEPLOYMENT_TARGET = 13.2;
				LD_RUNPATH_SEARCH_PATHS = (
					"$(inherited)",
					"@executable_path/Frameworks",
					"@loader_path/Frameworks",
				);
				PRODUCT_BUNDLE_IDENTIFIER = com.rr.RRSwiftListingWithoutStoryboardTests;
				PRODUCT_NAME = "$(TARGET_NAME)";
				SWIFT_VERSION = 5.0;
				TARGETED_DEVICE_FAMILY = "1,2";
				TEST_HOST = "$(BUILT_PRODUCTS_DIR)/RRSwiftListingWithoutStoryboard.app/RRSwiftListingWithoutStoryboard";
			};
			name = Debug;
		};
		EE3E8CC624E29C4D006330E4 /* Release */ = {
			isa = XCBuildConfiguration;
			baseConfigurationReference = B378071D081D95FBA719C191 /* Pods-RRSwiftListingWithoutStoryboardTests.release.xcconfig */;
			buildSettings = {
				ALWAYS_EMBED_SWIFT_STANDARD_LIBRARIES = YES;
				BUNDLE_LOADER = "$(TEST_HOST)";
				CODE_SIGN_STYLE = Automatic;
				INFOPLIST_FILE = RRSwiftListingWithoutStoryboardTests/Info.plist;
				IPHONEOS_DEPLOYMENT_TARGET = 13.2;
				LD_RUNPATH_SEARCH_PATHS = (
					"$(inherited)",
					"@executable_path/Frameworks",
					"@loader_path/Frameworks",
				);
				PRODUCT_BUNDLE_IDENTIFIER = com.rr.RRSwiftListingWithoutStoryboardTests;
				PRODUCT_NAME = "$(TARGET_NAME)";
				SWIFT_VERSION = 5.0;
				TARGETED_DEVICE_FAMILY = "1,2";
				TEST_HOST = "$(BUILT_PRODUCTS_DIR)/RRSwiftListingWithoutStoryboard.app/RRSwiftListingWithoutStoryboard";
			};
			name = Release;
		};
		EE3E8CC824E29C4D006330E4 /* Debug */ = {
			isa = XCBuildConfiguration;
			baseConfigurationReference = F48A481B430BB9ECCFB4277D /* Pods-RRSwiftListingWithoutStoryboard-RRSwiftListingWithoutStoryboardUITests.debug.xcconfig */;
			buildSettings = {
				ALWAYS_EMBED_SWIFT_STANDARD_LIBRARIES = YES;
				CODE_SIGN_STYLE = Automatic;
				INFOPLIST_FILE = RRSwiftListingWithoutStoryboardUITests/Info.plist;
				LD_RUNPATH_SEARCH_PATHS = (
					"$(inherited)",
					"@executable_path/Frameworks",
					"@loader_path/Frameworks",
				);
				PRODUCT_BUNDLE_IDENTIFIER = com.rr.RRSwiftListingWithoutStoryboardUITests;
				PRODUCT_NAME = "$(TARGET_NAME)";
				SWIFT_VERSION = 5.0;
				TARGETED_DEVICE_FAMILY = "1,2";
				TEST_TARGET_NAME = RRSwiftListingWithoutStoryboard;
			};
			name = Debug;
		};
		EE3E8CC924E29C4D006330E4 /* Release */ = {
			isa = XCBuildConfiguration;
			baseConfigurationReference = 84840C30821BC39BE81B4990 /* Pods-RRSwiftListingWithoutStoryboard-RRSwiftListingWithoutStoryboardUITests.release.xcconfig */;
			buildSettings = {
				ALWAYS_EMBED_SWIFT_STANDARD_LIBRARIES = YES;
				CODE_SIGN_STYLE = Automatic;
				INFOPLIST_FILE = RRSwiftListingWithoutStoryboardUITests/Info.plist;
				LD_RUNPATH_SEARCH_PATHS = (
					"$(inherited)",
					"@executable_path/Frameworks",
					"@loader_path/Frameworks",
				);
				PRODUCT_BUNDLE_IDENTIFIER = com.rr.RRSwiftListingWithoutStoryboardUITests;
				PRODUCT_NAME = "$(TARGET_NAME)";
				SWIFT_VERSION = 5.0;
				TARGETED_DEVICE_FAMILY = "1,2";
				TEST_TARGET_NAME = RRSwiftListingWithoutStoryboard;
			};
			name = Release;
		};
/* End XCBuildConfiguration section */

/* Begin XCConfigurationList section */
		EE3E8C9224E29C4A006330E4 /* Build configuration list for PBXProject "RRSwiftListingWithoutStoryboard" */ = {
			isa = XCConfigurationList;
			buildConfigurations = (
				EE3E8CBF24E29C4D006330E4 /* Debug */,
				EE3E8CC024E29C4D006330E4 /* Release */,
			);
			defaultConfigurationIsVisible = 0;
			defaultConfigurationName = Release;
		};
		EE3E8CC124E29C4D006330E4 /* Build configuration list for PBXNativeTarget "RRSwiftListingWithoutStoryboard" */ = {
			isa = XCConfigurationList;
			buildConfigurations = (
				EE3E8CC224E29C4D006330E4 /* Debug */,
				EE3E8CC324E29C4D006330E4 /* Release */,
			);
			defaultConfigurationIsVisible = 0;
			defaultConfigurationName = Release;
		};
		EE3E8CC424E29C4D006330E4 /* Build configuration list for PBXNativeTarget "RRSwiftListingWithoutStoryboardTests" */ = {
			isa = XCConfigurationList;
			buildConfigurations = (
				EE3E8CC524E29C4D006330E4 /* Debug */,
				EE3E8CC624E29C4D006330E4 /* Release */,
			);
			defaultConfigurationIsVisible = 0;
			defaultConfigurationName = Release;
		};
		EE3E8CC724E29C4D006330E4 /* Build configuration list for PBXNativeTarget "RRSwiftListingWithoutStoryboardUITests" */ = {
			isa = XCConfigurationList;
			buildConfigurations = (
				EE3E8CC824E29C4D006330E4 /* Debug */,
				EE3E8CC924E29C4D006330E4 /* Release */,
			);
			defaultConfigurationIsVisible = 0;
			defaultConfigurationName = Release;
		};
/* End XCConfigurationList section */
	};
	rootObject = EE3E8C8F24E29C4A006330E4 /* Project object */;
}
